
Microsoft Visual Studio Solution File, Format Version 12.00
# Visual Studio 2012
Project("{FAE04EC0-301F-11D3-BF4B-00C04F79EFBC}") = "NodaTime.Tools.BuildMarkdownDocs", "NodaTime.Tools.BuildMarkdownDocs\NodaTime.Tools.BuildMarkdownDocs.csproj", "{420792C8-51C7-4129-9663-5EF765557CCF}"
EndProject
Project("{2150E333-8FDC-42A3-9474-1A3956D46DE8}") = "userguide-src", "userguide-src", "{9A04E3F6-25AD-46C6-9B5C-C53600A2074F}"
EndProject
Project("{2150E333-8FDC-42A3-9474-1A3956D46DE8}") = "raw", "raw", "{5663A352-33C4-4C9D-9F67-1CCF9D0A0698}"
	ProjectSection(SolutionItems) = preProject
		userguide-src\raw\index.html = userguide-src\raw\index.html
		userguide-src\raw\prettify-COPYING = userguide-src\raw\prettify-COPYING
		userguide-src\raw\prettify.css = userguide-src\raw\prettify.css
		userguide-src\raw\prettify.js = userguide-src\raw\prettify.js
		userguide-src\raw\styles.css = userguide-src\raw\styles.css
	EndProjectSection
EndProject
Project("{2150E333-8FDC-42A3-9474-1A3956D46DE8}") = "markdown", "markdown", "{C762C267-287B-4B8F-81D1-C92AB1AFF729}"
	ProjectSection(SolutionItems) = preProject
		userguide-src\markdown\arithmetic.txt = userguide-src\markdown\arithmetic.txt
		userguide-src\markdown\bcl-conversions.txt = userguide-src\markdown\bcl-conversions.txt
		userguide-src\markdown\concepts.txt = userguide-src\markdown\concepts.txt
		userguide-src\markdown\design.txt = userguide-src\markdown\design.txt
		userguide-src\markdown\index.txt = userguide-src\markdown\index.txt
		userguide-src\markdown\installation.txt = userguide-src\markdown\installation.txt
		userguide-src\markdown\instant-patterns.txt = userguide-src\markdown\instant-patterns.txt
		userguide-src\markdown\limitations.txt = userguide-src\markdown\limitations.txt
		userguide-src\markdown\localdate-patterns.txt = userguide-src\markdown\localdate-patterns.txt
		userguide-src\markdown\localdatetime-patterns.txt = userguide-src\markdown\localdatetime-patterns.txt
		userguide-src\markdown\localtime-patterns.txt = userguide-src\markdown\localtime-patterns.txt
		userguide-src\markdown\mono.txt = userguide-src\markdown\mono.txt
		userguide-src\markdown\offset-patterns.txt = userguide-src\markdown\offset-patterns.txt
		userguide-src\markdown\period-patterns.txt = userguide-src\markdown\period-patterns.txt
		userguide-src\markdown\rationale.txt = userguide-src\markdown\rationale.txt
		userguide-src\markdown\serialization.txt = userguide-src\markdown\serialization.txt
		userguide-src\markdown\template.html = userguide-src\markdown\template.html
		userguide-src\markdown\testing.txt = userguide-src\markdown\testing.txt
		userguide-src\markdown\text.txt = userguide-src\markdown\text.txt
		userguide-src\markdown\threading.txt = userguide-src\markdown\threading.txt
		userguide-src\markdown\type-choices.txt = userguide-src\markdown\type-choices.txt
		userguide-src\markdown\tzdb.txt = userguide-src\markdown\tzdb.txt
		userguide-src\markdown\versions.txt = userguide-src\markdown\versions.txt
	EndProjectSection
EndProject
Global
	GlobalSection(SolutionConfigurationPlatforms) = preSolution
		Debug|x86 = Debug|x86
		Release|x86 = Release|x86
	EndGlobalSection
	GlobalSection(ProjectConfigurationPlatforms) = postSolution
		{420792C8-51C7-4129-9663-5EF765557CCF}.Debug|x86.ActiveCfg = Debug|x86
		{420792C8-51C7-4129-9663-5EF765557CCF}.Debug|x86.Build.0 = Debug|x86
		{420792C8-51C7-4129-9663-5EF765557CCF}.Release|x86.ActiveCfg = Release|x86
		{420792C8-51C7-4129-9663-5EF765557CCF}.Release|x86.Build.0 = Release|x86
	EndGlobalSection
	GlobalSection(SolutionProperties) = preSolution
		HideSolutionNode = FALSE
	EndGlobalSection
	GlobalSection(NestedProjects) = preSolution
		{5663A352-33C4-4C9D-9F67-1CCF9D0A0698} = {9A04E3F6-25AD-46C6-9B5C-C53600A2074F}
		{C762C267-287B-4B8F-81D1-C92AB1AFF729} = {9A04E3F6-25AD-46C6-9B5C-C53600A2074F}
	EndGlobalSection
EndGlobal
