
Microsoft Visual Studio Solution File, Format Version 12.00
# Visual Studio 2013
VisualStudioVersion = 12.0.30501.0
MinimumVisualStudioVersion = 10.0.40219.1
Project("{FAE04EC0-301F-11D3-BF4B-00C04F79EFBC}") = "NodaTime", "NodaTime\NodaTime.csproj", "{42B687A6-0F76-4638-A372-161C922A998B}"
EndProject
Project("{FAE04EC0-301F-11D3-BF4B-00C04F79EFBC}") = "NodaTime.TzdbCompiler", "NodaTime.TzdbCompiler\NodaTime.TzdbCompiler.csproj", "{F51A7DF5-1559-45C3-A606-494DAD63A892}"
EndProject
Project("{FAE04EC0-301F-11D3-BF4B-00C04F79EFBC}") = "NodaTime.TzdbCompiler.Test", "NodaTime.TzdbCompiler.Test\NodaTime.TzdbCompiler.Test.csproj", "{0A4C2376-D366-43DB-92E1-306FFCC81553}"
EndProject
Project("{FAE04EC0-301F-11D3-BF4B-00C04F79EFBC}") = "NodaTime.CheckTimeZones", "NodaTime.CheckTimeZones\NodaTime.CheckTimeZones.csproj", "{1002B6E1-294B-4475-8E8A-8D51B0A2E332}"
EndProject
Project("{FAE04EC0-301F-11D3-BF4B-00C04F79EFBC}") = "NodaTime.Tools.SetVersion", "NodaTime.Tools.SetVersion\NodaTime.Tools.SetVersion.csproj", "{6E80DFB9-0FF9-4F17-AC2B-014B44133B9A}"
EndProject
Project("{FAE04EC0-301F-11D3-BF4B-00C04F79EFBC}") = "NodaTime.Tools.AnnotationDocumentor", "NodaTime.Tools.AnnotationDocumentor\NodaTime.Tools.AnnotationDocumentor.csproj", "{7B88CCA2-E26B-4ECD-8CA4-C0DDB082E9F5}"
EndProject
Project("{FAE04EC0-301F-11D3-BF4B-00C04F79EFBC}") = "NodaTime.Benchmarks.Analyzer", "NodaTime.Benchmarks.Analyzer\NodaTime.Benchmarks.Analyzer.csproj", "{C20855DB-C1B4-4349-8325-DABE36FDDDD0}"
EndProject
Project("{FAE04EC0-301F-11D3-BF4B-00C04F79EFBC}") = "NodaTime.Tools.VersionDocumentor", "NodaTime.Tools.VersionDocumentor\NodaTime.Tools.VersionDocumentor.csproj", "{828F1038-EDAF-405A-80AD-D479C215EE0B}"
EndProject
Project("{FAE04EC0-301F-11D3-BF4B-00C04F79EFBC}") = "NodaTime.Tools.SandcastleStyleTweaker", "NodaTime.Tools.SandcastleStyleTweaker\NodaTime.Tools.SandcastleStyleTweaker.csproj", "{BD941E4C-CD4F-4C33-9E95-CB72E97C421E}"
EndProject
Project("{FAE04EC0-301F-11D3-BF4B-00C04F79EFBC}") = "NodaTime.Tools.ProjectBuilder", "NodaTime.Tools.ProjectBuilder\NodaTime.Tools.ProjectBuilder.csproj", "{EB7EDA24-926B-49F0-AC20-6C06196BFA7F}"
EndProject
Global
	GlobalSection(SolutionConfigurationPlatforms) = preSolution
		Debug|Any CPU = Debug|Any CPU
		Debug|Mixed Platforms = Debug|Mixed Platforms
		Debug|x86 = Debug|x86
		Release|Any CPU = Release|Any CPU
		Release|Mixed Platforms = Release|Mixed Platforms
		Release|x86 = Release|x86
	EndGlobalSection
	GlobalSection(ProjectConfigurationPlatforms) = postSolution
		{42B687A6-0F76-4638-A372-161C922A998B}.Debug|Any CPU.ActiveCfg = Debug|Any CPU
		{42B687A6-0F76-4638-A372-161C922A998B}.Debug|Any CPU.Build.0 = Debug|Any CPU
		{42B687A6-0F76-4638-A372-161C922A998B}.Debug|Mixed Platforms.ActiveCfg = Debug|Any CPU
		{42B687A6-0F76-4638-A372-161C922A998B}.Debug|Mixed Platforms.Build.0 = Debug|Any CPU
		{42B687A6-0F76-4638-A372-161C922A998B}.Debug|x86.ActiveCfg = Debug|Any CPU
		{42B687A6-0F76-4638-A372-161C922A998B}.Release|Any CPU.ActiveCfg = Release|Any CPU
		{42B687A6-0F76-4638-A372-161C922A998B}.Release|Any CPU.Build.0 = Release|Any CPU
		{42B687A6-0F76-4638-A372-161C922A998B}.Release|Mixed Platforms.ActiveCfg = Release|Any CPU
		{42B687A6-0F76-4638-A372-161C922A998B}.Release|Mixed Platforms.Build.0 = Release|Any CPU
		{42B687A6-0F76-4638-A372-161C922A998B}.Release|x86.ActiveCfg = Release|Any CPU
		{F51A7DF5-1559-45C3-A606-494DAD63A892}.Debug|Any CPU.ActiveCfg = Debug|Any CPU
		{F51A7DF5-1559-45C3-A606-494DAD63A892}.Debug|Any CPU.Build.0 = Debug|Any CPU
		{F51A7DF5-1559-45C3-A606-494DAD63A892}.Debug|Mixed Platforms.ActiveCfg = Debug|Any CPU
		{F51A7DF5-1559-45C3-A606-494DAD63A892}.Debug|Mixed Platforms.Build.0 = Debug|Any CPU
		{F51A7DF5-1559-45C3-A606-494DAD63A892}.Debug|x86.ActiveCfg = Debug|Any CPU
		{F51A7DF5-1559-45C3-A606-494DAD63A892}.Release|Any CPU.ActiveCfg = Release|Any CPU
		{F51A7DF5-1559-45C3-A606-494DAD63A892}.Release|Any CPU.Build.0 = Release|Any CPU
		{F51A7DF5-1559-45C3-A606-494DAD63A892}.Release|Mixed Platforms.ActiveCfg = Release|Any CPU
		{F51A7DF5-1559-45C3-A606-494DAD63A892}.Release|Mixed Platforms.Build.0 = Release|Any CPU
		{F51A7DF5-1559-45C3-A606-494DAD63A892}.Release|x86.ActiveCfg = Release|Any CPU
		{0A4C2376-D366-43DB-92E1-306FFCC81553}.Debug|Any CPU.ActiveCfg = Debug|Any CPU
		{0A4C2376-D366-43DB-92E1-306FFCC81553}.Debug|Any CPU.Build.0 = Debug|Any CPU
		{0A4C2376-D366-43DB-92E1-306FFCC81553}.Debug|Mixed Platforms.ActiveCfg = Debug|Any CPU
		{0A4C2376-D366-43DB-92E1-306FFCC81553}.Debug|Mixed Platforms.Build.0 = Debug|Any CPU
		{0A4C2376-D366-43DB-92E1-306FFCC81553}.Debug|x86.ActiveCfg = Debug|Any CPU
		{0A4C2376-D366-43DB-92E1-306FFCC81553}.Release|Any CPU.ActiveCfg = Release|Any CPU
		{0A4C2376-D366-43DB-92E1-306FFCC81553}.Release|Any CPU.Build.0 = Release|Any CPU
		{0A4C2376-D366-43DB-92E1-306FFCC81553}.Release|Mixed Platforms.ActiveCfg = Release|Any CPU
		{0A4C2376-D366-43DB-92E1-306FFCC81553}.Release|Mixed Platforms.Build.0 = Release|Any CPU
		{0A4C2376-D366-43DB-92E1-306FFCC81553}.Release|x86.ActiveCfg = Release|Any CPU
		{1002B6E1-294B-4475-8E8A-8D51B0A2E332}.Debug|Any CPU.ActiveCfg = Debug|x86
		{1002B6E1-294B-4475-8E8A-8D51B0A2E332}.Debug|Mixed Platforms.ActiveCfg = Debug|x86
		{1002B6E1-294B-4475-8E8A-8D51B0A2E332}.Debug|Mixed Platforms.Build.0 = Debug|x86
		{1002B6E1-294B-4475-8E8A-8D51B0A2E332}.Debug|x86.ActiveCfg = Debug|x86
		{1002B6E1-294B-4475-8E8A-8D51B0A2E332}.Debug|x86.Build.0 = Debug|x86
		{1002B6E1-294B-4475-8E8A-8D51B0A2E332}.Release|Any CPU.ActiveCfg = Release|x86
		{1002B6E1-294B-4475-8E8A-8D51B0A2E332}.Release|Mixed Platforms.ActiveCfg = Release|x86
		{1002B6E1-294B-4475-8E8A-8D51B0A2E332}.Release|Mixed Platforms.Build.0 = Release|x86
		{1002B6E1-294B-4475-8E8A-8D51B0A2E332}.Release|x86.ActiveCfg = Release|x86
		{1002B6E1-294B-4475-8E8A-8D51B0A2E332}.Release|x86.Build.0 = Release|x86
		{6E80DFB9-0FF9-4F17-AC2B-014B44133B9A}.Debug|Any CPU.ActiveCfg = Debug|Any CPU
		{6E80DFB9-0FF9-4F17-AC2B-014B44133B9A}.Debug|Any CPU.Build.0 = Debug|Any CPU
		{6E80DFB9-0FF9-4F17-AC2B-014B44133B9A}.Debug|Mixed Platforms.ActiveCfg = Debug|Any CPU
		{6E80DFB9-0FF9-4F17-AC2B-014B44133B9A}.Debug|Mixed Platforms.Build.0 = Debug|Any CPU
		{6E80DFB9-0FF9-4F17-AC2B-014B44133B9A}.Debug|x86.ActiveCfg = Debug|Any CPU
		{6E80DFB9-0FF9-4F17-AC2B-014B44133B9A}.Release|Any CPU.ActiveCfg = Release|Any CPU
		{6E80DFB9-0FF9-4F17-AC2B-014B44133B9A}.Release|Any CPU.Build.0 = Release|Any CPU
		{6E80DFB9-0FF9-4F17-AC2B-014B44133B9A}.Release|Mixed Platforms.ActiveCfg = Release|Any CPU
		{6E80DFB9-0FF9-4F17-AC2B-014B44133B9A}.Release|Mixed Platforms.Build.0 = Release|Any CPU
		{6E80DFB9-0FF9-4F17-AC2B-014B44133B9A}.Release|x86.ActiveCfg = Release|Any CPU
		{7B88CCA2-E26B-4ECD-8CA4-C0DDB082E9F5}.Debug|Any CPU.ActiveCfg = Debug|Any CPU
		{7B88CCA2-E26B-4ECD-8CA4-C0DDB082E9F5}.Debug|Any CPU.Build.0 = Debug|Any CPU
		{7B88CCA2-E26B-4ECD-8CA4-C0DDB082E9F5}.Debug|Mixed Platforms.ActiveCfg = Debug|Any CPU
		{7B88CCA2-E26B-4ECD-8CA4-C0DDB082E9F5}.Debug|Mixed Platforms.Build.0 = Debug|Any CPU
		{7B88CCA2-E26B-4ECD-8CA4-C0DDB082E9F5}.Debug|x86.ActiveCfg = Debug|Any CPU
		{7B88CCA2-E26B-4ECD-8CA4-C0DDB082E9F5}.Release|Any CPU.ActiveCfg = Release|Any CPU
		{7B88CCA2-E26B-4ECD-8CA4-C0DDB082E9F5}.Release|Any CPU.Build.0 = Release|Any CPU
		{7B88CCA2-E26B-4ECD-8CA4-C0DDB082E9F5}.Release|Mixed Platforms.ActiveCfg = Release|Any CPU
		{7B88CCA2-E26B-4ECD-8CA4-C0DDB082E9F5}.Release|Mixed Platforms.Build.0 = Release|Any CPU
		{7B88CCA2-E26B-4ECD-8CA4-C0DDB082E9F5}.Release|x86.ActiveCfg = Release|Any CPU
		{C20855DB-C1B4-4349-8325-DABE36FDDDD0}.Debug|Any CPU.ActiveCfg = Debug|Any CPU
		{C20855DB-C1B4-4349-8325-DABE36FDDDD0}.Debug|Any CPU.Build.0 = Debug|Any CPU
		{C20855DB-C1B4-4349-8325-DABE36FDDDD0}.Debug|Mixed Platforms.ActiveCfg = Debug|Any CPU
		{C20855DB-C1B4-4349-8325-DABE36FDDDD0}.Debug|Mixed Platforms.Build.0 = Debug|Any CPU
		{C20855DB-C1B4-4349-8325-DABE36FDDDD0}.Debug|x86.ActiveCfg = Debug|Any CPU
		{C20855DB-C1B4-4349-8325-DABE36FDDDD0}.Release|Any CPU.ActiveCfg = Release|Any CPU
		{C20855DB-C1B4-4349-8325-DABE36FDDDD0}.Release|Any CPU.Build.0 = Release|Any CPU
		{C20855DB-C1B4-4349-8325-DABE36FDDDD0}.Release|Mixed Platforms.ActiveCfg = Release|Any CPU
		{C20855DB-C1B4-4349-8325-DABE36FDDDD0}.Release|Mixed Platforms.Build.0 = Release|Any CPU
		{C20855DB-C1B4-4349-8325-DABE36FDDDD0}.Release|x86.ActiveCfg = Release|Any CPU
		{828F1038-EDAF-405A-80AD-D479C215EE0B}.Debug|Any CPU.ActiveCfg = Debug|Any CPU
		{828F1038-EDAF-405A-80AD-D479C215EE0B}.Debug|Any CPU.Build.0 = Debug|Any CPU
		{828F1038-EDAF-405A-80AD-D479C215EE0B}.Debug|Mixed Platforms.ActiveCfg = Debug|Any CPU
		{828F1038-EDAF-405A-80AD-D479C215EE0B}.Debug|Mixed Platforms.Build.0 = Debug|Any CPU
		{828F1038-EDAF-405A-80AD-D479C215EE0B}.Debug|x86.ActiveCfg = Debug|Any CPU
		{828F1038-EDAF-405A-80AD-D479C215EE0B}.Release|Any CPU.ActiveCfg = Release|Any CPU
		{828F1038-EDAF-405A-80AD-D479C215EE0B}.Release|Any CPU.Build.0 = Release|Any CPU
		{828F1038-EDAF-405A-80AD-D479C215EE0B}.Release|Mixed Platforms.ActiveCfg = Release|Any CPU
		{828F1038-EDAF-405A-80AD-D479C215EE0B}.Release|Mixed Platforms.Build.0 = Release|Any CPU
		{828F1038-EDAF-405A-80AD-D479C215EE0B}.Release|x86.ActiveCfg = Release|Any CPU
		{BD941E4C-CD4F-4C33-9E95-CB72E97C421E}.Debug|Any CPU.ActiveCfg = Debug|Any CPU
		{BD941E4C-CD4F-4C33-9E95-CB72E97C421E}.Debug|Any CPU.Build.0 = Debug|Any CPU
		{BD941E4C-CD4F-4C33-9E95-CB72E97C421E}.Debug|Mixed Platforms.ActiveCfg = Debug|Any CPU
		{BD941E4C-CD4F-4C33-9E95-CB72E97C421E}.Debug|Mixed Platforms.Build.0 = Debug|Any CPU
		{BD941E4C-CD4F-4C33-9E95-CB72E97C421E}.Debug|x86.ActiveCfg = Debug|Any CPU
		{BD941E4C-CD4F-4C33-9E95-CB72E97C421E}.Release|Any CPU.ActiveCfg = Release|Any CPU
		{BD941E4C-CD4F-4C33-9E95-CB72E97C421E}.Release|Any CPU.Build.0 = Release|Any CPU
		{BD941E4C-CD4F-4C33-9E95-CB72E97C421E}.Release|Mixed Platforms.ActiveCfg = Release|Any CPU
		{BD941E4C-CD4F-4C33-9E95-CB72E97C421E}.Release|Mixed Platforms.Build.0 = Release|Any CPU
		{BD941E4C-CD4F-4C33-9E95-CB72E97C421E}.Release|x86.ActiveCfg = Release|Any CPU
		{EB7EDA24-926B-49F0-AC20-6C06196BFA7F}.Debug|Any CPU.ActiveCfg = Debug|Any CPU
		{EB7EDA24-926B-49F0-AC20-6C06196BFA7F}.Debug|Any CPU.Build.0 = Debug|Any CPU
		{EB7EDA24-926B-49F0-AC20-6C06196BFA7F}.Debug|Mixed Platforms.ActiveCfg = Debug|Any CPU
		{EB7EDA24-926B-49F0-AC20-6C06196BFA7F}.Debug|Mixed Platforms.Build.0 = Debug|Any CPU
		{EB7EDA24-926B-49F0-AC20-6C06196BFA7F}.Debug|x86.ActiveCfg = Debug|Any CPU
		{EB7EDA24-926B-49F0-AC20-6C06196BFA7F}.Release|Any CPU.ActiveCfg = Release|Any CPU
		{EB7EDA24-926B-49F0-AC20-6C06196BFA7F}.Release|Any CPU.Build.0 = Release|Any CPU
		{EB7EDA24-926B-49F0-AC20-6C06196BFA7F}.Release|Mixed Platforms.ActiveCfg = Release|Any CPU
		{EB7EDA24-926B-49F0-AC20-6C06196BFA7F}.Release|Mixed Platforms.Build.0 = Release|Any CPU
		{EB7EDA24-926B-49F0-AC20-6C06196BFA7F}.Release|x86.ActiveCfg = Release|Any CPU
	EndGlobalSection
	GlobalSection(SolutionProperties) = preSolution
		HideSolutionNode = FALSE
	EndGlobalSection
	GlobalSection(MercurialSourceControlSolutionProperties) = preSolution
		SolutionIsControlled = True
		SolutionBindings = <Solution Location In Database>
	EndGlobalSection
EndGlobal
