Microsoft Visual Studio Solution File, Format Version 12.00
# Visual Studio Version 17
VisualStudioVersion = 17.6.33829.357
MinimumVisualStudioVersion = 10.0.40219.1
Project("{9A19103F-16F7-4668-BE54-9A1E7A4F7556}") = "NodaTime", "NodaTime\NodaTime.csproj", "{29F470FA-C1CB-408B-A0B6-C1A9216C4B7B}"
EndProject
Project("{9A19103F-16F7-4668-BE54-9A1E7A4F7556}") = "NodaTime.Benchmarks", "NodaTime.Benchmarks\NodaTime.Benchmarks.csproj", "{FAE54A01-C3B8-4775-BD7E-281FF168360A}"
EndProject
Project("{9A19103F-16F7-4668-BE54-9A1E7A4F7556}") = "NodaTime.Demo", "NodaTime.Demo\NodaTime.Demo.csproj", "{5D02C9AD-285A-4C07-A553-C767735250A0}"
EndProject
Project("{9A19103F-16F7-4668-BE54-9A1E7A4F7556}") = "NodaTime.Test", "NodaTime.Test\NodaTime.Test.csproj", "{6CC50995-3BCD-4FFE-95C7-320C4033B1B4}"
EndProject
Project("{9A19103F-16F7-4668-BE54-9A1E7A4F7556}") = "NodaTime.Testing", "NodaTime.Testing\NodaTime.Testing.csproj", "{ACF7179D-AE79-4DD5-B57F-4F9E39C222A9}"
EndProject
Project("{9A19103F-16F7-4668-BE54-9A1E7A4F7556}") = "NodaTime.TzdbCompiler", "NodaTime.TzdbCompiler\NodaTime.TzdbCompiler.csproj", "{30E9D024-1A36-415B-96A8-B7A3A393FBB0}"
EndProject
Project("{9A19103F-16F7-4668-BE54-9A1E7A4F7556}") = "NodaTime.TzdbCompiler.Test", "NodaTime.TzdbCompiler.Test\NodaTime.TzdbCompiler.Test.csproj", "{56D9408D-8647-4F53-A1D9-25D00CF1BE32}"
EndProject
Project("{9A19103F-16F7-4668-BE54-9A1E7A4F7556}") = "NodaTime.TzValidate.NodaDump", "NodaTime.TzValidate.NodaDump\NodaTime.TzValidate.NodaDump.csproj", "{F546EDA0-6B44-4B32-A8BE-18B1FE664BFF}"
EndProject
Project("{9A19103F-16F7-4668-BE54-9A1E7A4F7556}") = "NodaTime.TzValidate.NzdCompatibility", "NodaTime.TzValidate.NzdCompatibility\NodaTime.TzValidate.NzdCompatibility.csproj", "{B64228A2-15CC-4308-8804-D2979D725CE9}"
EndProject
Project("{9A19103F-16F7-4668-BE54-9A1E7A4F7556}") = "NodaTime.NzdPrinter", "NodaTime.NzdPrinter\NodaTime.NzdPrinter.csproj", "{F8A1E119-C559-45F0-98CB-7EC88E84D8EE}"
EndProject
Project("{9A19103F-16F7-4668-BE54-9A1E7A4F7556}") = "NodaTime.Tools.Common", "NodaTime.Tools.Common\NodaTime.Tools.Common.csproj", "{0288DC08-D688-478B-8026-45F06143F97A}"
EndProject
Project("{9A19103F-16F7-4668-BE54-9A1E7A4F7556}") = "NodaTime.Tools.DumpTimeZoneInfo", "NodaTime.Tools.DumpTimeZoneInfo\NodaTime.Tools.DumpTimeZoneInfo.csproj", "{0499CFF0-5485-4772-A33F-AB6D2BA3B1DE}"
EndProject
Project("{9A19103F-16F7-4668-BE54-9A1E7A4F7556}") = "NodaTime.Tools.ValidateHistoricalNzd", "NodaTime.Tools.ValidateHistoricalNzd\NodaTime.Tools.ValidateHistoricalNzd.csproj", "{76ADCF95-2FDB-4135-A30B-1CDE34FBD29A}"
EndProject
Project("{2150E333-8FDC-42A3-9474-1A3956D46DE8}") = "MSBuild", "MSBuild", "{33DA218C-5233-4ACC-94AA-61096670F2AC}"
	ProjectSection(SolutionItems) = preProject
		..\Directory.Build.props = ..\Directory.Build.props
		..\Directory.Build.targets = ..\Directory.Build.targets
		..\global.json = ..\global.json
	EndProjectSection
EndProject
Project("{FAE04EC0-301F-11D3-BF4B-00C04F79EFBC}") = "NodaTime.Benchmarks.Custom", "NodaTime.Benchmarks.Custom\NodaTime.Benchmarks.Custom.csproj", "{BDF553CC-28F5-48C3-98BF-D6500709DC25}"
EndProject
Global
	GlobalSection(SolutionConfigurationPlatforms) = preSolution
		Debug|Any CPU = Debug|Any CPU
		Debug|x64 = Debug|x64
		Debug|x86 = Debug|x86
		Release|Any CPU = Release|Any CPU
		Release|x64 = Release|x64
		Release|x86 = Release|x86
	EndGlobalSection
	GlobalSection(ProjectConfigurationPlatforms) = postSolution
		{29F470FA-C1CB-408B-A0B6-C1A9216C4B7B}.Debug|Any CPU.ActiveCfg = Debug|Any CPU
		{29F470FA-C1CB-408B-A0B6-C1A9216C4B7B}.Debug|Any CPU.Build.0 = Debug|Any CPU
		{29F470FA-C1CB-408B-A0B6-C1A9216C4B7B}.Debug|x64.ActiveCfg = Debug|Any CPU
		{29F470FA-C1CB-408B-A0B6-C1A9216C4B7B}.Debug|x64.Build.0 = Debug|Any CPU
		{29F470FA-C1CB-408B-A0B6-C1A9216C4B7B}.Debug|x86.ActiveCfg = Debug|Any CPU
		{29F470FA-C1CB-408B-A0B6-C1A9216C4B7B}.Debug|x86.Build.0 = Debug|Any CPU
		{29F470FA-C1CB-408B-A0B6-C1A9216C4B7B}.Release|Any CPU.ActiveCfg = Release|Any CPU
		{29F470FA-C1CB-408B-A0B6-C1A9216C4B7B}.Release|Any CPU.Build.0 = Release|Any CPU
		{29F470FA-C1CB-408B-A0B6-C1A9216C4B7B}.Release|x64.ActiveCfg = Release|Any CPU
		{29F470FA-C1CB-408B-A0B6-C1A9216C4B7B}.Release|x64.Build.0 = Release|Any CPU
		{29F470FA-C1CB-408B-A0B6-C1A9216C4B7B}.Release|x86.ActiveCfg = Release|Any CPU
		{29F470FA-C1CB-408B-A0B6-C1A9216C4B7B}.Release|x86.Build.0 = Release|Any CPU
		{FAE54A01-C3B8-4775-BD7E-281FF168360A}.Debug|Any CPU.ActiveCfg = Debug|Any CPU
		{FAE54A01-C3B8-4775-BD7E-281FF168360A}.Debug|Any CPU.Build.0 = Debug|Any CPU
		{FAE54A01-C3B8-4775-BD7E-281FF168360A}.Debug|x64.ActiveCfg = Debug|Any CPU
		{FAE54A01-C3B8-4775-BD7E-281FF168360A}.Debug|x64.Build.0 = Debug|Any CPU
		{FAE54A01-C3B8-4775-BD7E-281FF168360A}.Debug|x86.ActiveCfg = Debug|Any CPU
		{FAE54A01-C3B8-4775-BD7E-281FF168360A}.Debug|x86.Build.0 = Debug|Any CPU
		{FAE54A01-C3B8-4775-BD7E-281FF168360A}.Release|Any CPU.ActiveCfg = Release|Any CPU
		{FAE54A01-C3B8-4775-BD7E-281FF168360A}.Release|Any CPU.Build.0 = Release|Any CPU
		{FAE54A01-C3B8-4775-BD7E-281FF168360A}.Release|x64.ActiveCfg = Release|Any CPU
		{FAE54A01-C3B8-4775-BD7E-281FF168360A}.Release|x64.Build.0 = Release|Any CPU
		{FAE54A01-C3B8-4775-BD7E-281FF168360A}.Release|x86.ActiveCfg = Release|Any CPU
		{FAE54A01-C3B8-4775-BD7E-281FF168360A}.Release|x86.Build.0 = Release|Any CPU
		{5D02C9AD-285A-4C07-A553-C767735250A0}.Debug|Any CPU.ActiveCfg = Debug|Any CPU
		{5D02C9AD-285A-4C07-A553-C767735250A0}.Debug|Any CPU.Build.0 = Debug|Any CPU
		{5D02C9AD-285A-4C07-A553-C767735250A0}.Debug|x64.ActiveCfg = Debug|Any CPU
		{5D02C9AD-285A-4C07-A553-C767735250A0}.Debug|x64.Build.0 = Debug|Any CPU
		{5D02C9AD-285A-4C07-A553-C767735250A0}.Debug|x86.ActiveCfg = Debug|Any CPU
		{5D02C9AD-285A-4C07-A553-C767735250A0}.Debug|x86.Build.0 = Debug|Any CPU
		{5D02C9AD-285A-4C07-A553-C767735250A0}.Release|Any CPU.ActiveCfg = Release|Any CPU
		{5D02C9AD-285A-4C07-A553-C767735250A0}.Release|Any CPU.Build.0 = Release|Any CPU
		{5D02C9AD-285A-4C07-A553-C767735250A0}.Release|x64.ActiveCfg = Release|Any CPU
		{5D02C9AD-285A-4C07-A553-C767735250A0}.Release|x64.Build.0 = Release|Any CPU
		{5D02C9AD-285A-4C07-A553-C767735250A0}.Release|x86.ActiveCfg = Release|Any CPU
		{5D02C9AD-285A-4C07-A553-C767735250A0}.Release|x86.Build.0 = Release|Any CPU
		{6CC50995-3BCD-4FFE-95C7-320C4033B1B4}.Debug|Any CPU.ActiveCfg = Debug|Any CPU
		{6CC50995-3BCD-4FFE-95C7-320C4033B1B4}.Debug|Any CPU.Build.0 = Debug|Any CPU
		{6CC50995-3BCD-4FFE-95C7-320C4033B1B4}.Debug|x64.ActiveCfg = Debug|Any CPU
		{6CC50995-3BCD-4FFE-95C7-320C4033B1B4}.Debug|x64.Build.0 = Debug|Any CPU
		{6CC50995-3BCD-4FFE-95C7-320C4033B1B4}.Debug|x86.ActiveCfg = Debug|Any CPU
		{6CC50995-3BCD-4FFE-95C7-320C4033B1B4}.Debug|x86.Build.0 = Debug|Any CPU
		{6CC50995-3BCD-4FFE-95C7-320C4033B1B4}.Release|Any CPU.ActiveCfg = Release|Any CPU
		{6CC50995-3BCD-4FFE-95C7-320C4033B1B4}.Release|Any CPU.Build.0 = Release|Any CPU
		{6CC50995-3BCD-4FFE-95C7-320C4033B1B4}.Release|x64.ActiveCfg = Release|Any CPU
		{6CC50995-3BCD-4FFE-95C7-320C4033B1B4}.Release|x64.Build.0 = Release|Any CPU
		{6CC50995-3BCD-4FFE-95C7-320C4033B1B4}.Release|x86.ActiveCfg = Release|Any CPU
		{6CC50995-3BCD-4FFE-95C7-320C4033B1B4}.Release|x86.Build.0 = Release|Any CPU
		{ACF7179D-AE79-4DD5-B57F-4F9E39C222A9}.Debug|Any CPU.ActiveCfg = Debug|Any CPU
		{ACF7179D-AE79-4DD5-B57F-4F9E39C222A9}.Debug|Any CPU.Build.0 = Debug|Any CPU
		{ACF7179D-AE79-4DD5-B57F-4F9E39C222A9}.Debug|x64.ActiveCfg = Debug|Any CPU
		{ACF7179D-AE79-4DD5-B57F-4F9E39C222A9}.Debug|x64.Build.0 = Debug|Any CPU
		{ACF7179D-AE79-4DD5-B57F-4F9E39C222A9}.Debug|x86.ActiveCfg = Debug|Any CPU
		{ACF7179D-AE79-4DD5-B57F-4F9E39C222A9}.Debug|x86.Build.0 = Debug|Any CPU
		{ACF7179D-AE79-4DD5-B57F-4F9E39C222A9}.Release|Any CPU.ActiveCfg = Release|Any CPU
		{ACF7179D-AE79-4DD5-B57F-4F9E39C222A9}.Release|Any CPU.Build.0 = Release|Any CPU
		{ACF7179D-AE79-4DD5-B57F-4F9E39C222A9}.Release|x64.ActiveCfg = Release|Any CPU
		{ACF7179D-AE79-4DD5-B57F-4F9E39C222A9}.Release|x64.Build.0 = Release|Any CPU
		{ACF7179D-AE79-4DD5-B57F-4F9E39C222A9}.Release|x86.ActiveCfg = Release|Any CPU
		{ACF7179D-AE79-4DD5-B57F-4F9E39C222A9}.Release|x86.Build.0 = Release|Any CPU
		{30E9D024-1A36-415B-96A8-B7A3A393FBB0}.Debug|Any CPU.ActiveCfg = Debug|Any CPU
		{30E9D024-1A36-415B-96A8-B7A3A393FBB0}.Debug|Any CPU.Build.0 = Debug|Any CPU
		{30E9D024-1A36-415B-96A8-B7A3A393FBB0}.Debug|x64.ActiveCfg = Debug|Any CPU
		{30E9D024-1A36-415B-96A8-B7A3A393FBB0}.Debug|x64.Build.0 = Debug|Any CPU
		{30E9D024-1A36-415B-96A8-B7A3A393FBB0}.Debug|x86.ActiveCfg = Debug|Any CPU
		{30E9D024-1A36-415B-96A8-B7A3A393FBB0}.Debug|x86.Build.0 = Debug|Any CPU
		{30E9D024-1A36-415B-96A8-B7A3A393FBB0}.Release|Any CPU.ActiveCfg = Release|Any CPU
		{30E9D024-1A36-415B-96A8-B7A3A393FBB0}.Release|Any CPU.Build.0 = Release|Any CPU
		{30E9D024-1A36-415B-96A8-B7A3A393FBB0}.Release|x64.ActiveCfg = Release|Any CPU
		{30E9D024-1A36-415B-96A8-B7A3A393FBB0}.Release|x64.Build.0 = Release|Any CPU
		{30E9D024-1A36-415B-96A8-B7A3A393FBB0}.Release|x86.ActiveCfg = Release|Any CPU
		{30E9D024-1A36-415B-96A8-B7A3A393FBB0}.Release|x86.Build.0 = Release|Any CPU
		{56D9408D-8647-4F53-A1D9-25D00CF1BE32}.Debug|Any CPU.ActiveCfg = Debug|Any CPU
		{56D9408D-8647-4F53-A1D9-25D00CF1BE32}.Debug|Any CPU.Build.0 = Debug|Any CPU
		{56D9408D-8647-4F53-A1D9-25D00CF1BE32}.Debug|x64.ActiveCfg = Debug|Any CPU
		{56D9408D-8647-4F53-A1D9-25D00CF1BE32}.Debug|x64.Build.0 = Debug|Any CPU
		{56D9408D-8647-4F53-A1D9-25D00CF1BE32}.Debug|x86.ActiveCfg = Debug|Any CPU
		{56D9408D-8647-4F53-A1D9-25D00CF1BE32}.Debug|x86.Build.0 = Debug|Any CPU
		{56D9408D-8647-4F53-A1D9-25D00CF1BE32}.Release|Any CPU.ActiveCfg = Release|Any CPU
		{56D9408D-8647-4F53-A1D9-25D00CF1BE32}.Release|Any CPU.Build.0 = Release|Any CPU
		{56D9408D-8647-4F53-A1D9-25D00CF1BE32}.Release|x64.ActiveCfg = Release|Any CPU
		{56D9408D-8647-4F53-A1D9-25D00CF1BE32}.Release|x64.Build.0 = Release|Any CPU
		{56D9408D-8647-4F53-A1D9-25D00CF1BE32}.Release|x86.ActiveCfg = Release|Any CPU
		{56D9408D-8647-4F53-A1D9-25D00CF1BE32}.Release|x86.Build.0 = Release|Any CPU
		{F546EDA0-6B44-4B32-A8BE-18B1FE664BFF}.Debug|Any CPU.ActiveCfg = Debug|Any CPU
		{F546EDA0-6B44-4B32-A8BE-18B1FE664BFF}.Debug|Any CPU.Build.0 = Debug|Any CPU
		{F546EDA0-6B44-4B32-A8BE-18B1FE664BFF}.Debug|x64.ActiveCfg = Debug|Any CPU
		{F546EDA0-6B44-4B32-A8BE-18B1FE664BFF}.Debug|x64.Build.0 = Debug|Any CPU
		{F546EDA0-6B44-4B32-A8BE-18B1FE664BFF}.Debug|x86.ActiveCfg = Debug|Any CPU
		{F546EDA0-6B44-4B32-A8BE-18B1FE664BFF}.Debug|x86.Build.0 = Debug|Any CPU
		{F546EDA0-6B44-4B32-A8BE-18B1FE664BFF}.Release|Any CPU.ActiveCfg = Release|Any CPU
		{F546EDA0-6B44-4B32-A8BE-18B1FE664BFF}.Release|Any CPU.Build.0 = Release|Any CPU
		{F546EDA0-6B44-4B32-A8BE-18B1FE664BFF}.Release|x64.ActiveCfg = Release|Any CPU
		{F546EDA0-6B44-4B32-A8BE-18B1FE664BFF}.Release|x64.Build.0 = Release|Any CPU
		{F546EDA0-6B44-4B32-A8BE-18B1FE664BFF}.Release|x86.ActiveCfg = Release|Any CPU
		{F546EDA0-6B44-4B32-A8BE-18B1FE664BFF}.Release|x86.Build.0 = Release|Any CPU
		{B64228A2-15CC-4308-8804-D2979D725CE9}.Debug|Any CPU.ActiveCfg = Debug|Any CPU
		{B64228A2-15CC-4308-8804-D2979D725CE9}.Debug|Any CPU.Build.0 = Debug|Any CPU
		{B64228A2-15CC-4308-8804-D2979D725CE9}.Debug|x64.ActiveCfg = Debug|Any CPU
		{B64228A2-15CC-4308-8804-D2979D725CE9}.Debug|x64.Build.0 = Debug|Any CPU
		{B64228A2-15CC-4308-8804-D2979D725CE9}.Debug|x86.ActiveCfg = Debug|Any CPU
		{B64228A2-15CC-4308-8804-D2979D725CE9}.Debug|x86.Build.0 = Debug|Any CPU
		{B64228A2-15CC-4308-8804-D2979D725CE9}.Release|Any CPU.ActiveCfg = Release|Any CPU
		{B64228A2-15CC-4308-8804-D2979D725CE9}.Release|Any CPU.Build.0 = Release|Any CPU
		{B64228A2-15CC-4308-8804-D2979D725CE9}.Release|x64.ActiveCfg = Release|Any CPU
		{B64228A2-15CC-4308-8804-D2979D725CE9}.Release|x64.Build.0 = Release|Any CPU
		{B64228A2-15CC-4308-8804-D2979D725CE9}.Release|x86.ActiveCfg = Release|Any CPU
		{B64228A2-15CC-4308-8804-D2979D725CE9}.Release|x86.Build.0 = Release|Any CPU
		{F8A1E119-C559-45F0-98CB-7EC88E84D8EE}.Debug|Any CPU.ActiveCfg = Debug|Any CPU
		{F8A1E119-C559-45F0-98CB-7EC88E84D8EE}.Debug|Any CPU.Build.0 = Debug|Any CPU
		{F8A1E119-C559-45F0-98CB-7EC88E84D8EE}.Debug|x64.ActiveCfg = Debug|Any CPU
		{F8A1E119-C559-45F0-98CB-7EC88E84D8EE}.Debug|x64.Build.0 = Debug|Any CPU
		{F8A1E119-C559-45F0-98CB-7EC88E84D8EE}.Debug|x86.ActiveCfg = Debug|Any CPU
		{F8A1E119-C559-45F0-98CB-7EC88E84D8EE}.Debug|x86.Build.0 = Debug|Any CPU
		{F8A1E119-C559-45F0-98CB-7EC88E84D8EE}.Release|Any CPU.ActiveCfg = Release|Any CPU
		{F8A1E119-C559-45F0-98CB-7EC88E84D8EE}.Release|Any CPU.Build.0 = Release|Any CPU
		{F8A1E119-C559-45F0-98CB-7EC88E84D8EE}.Release|x64.ActiveCfg = Release|Any CPU
		{F8A1E119-C559-45F0-98CB-7EC88E84D8EE}.Release|x64.Build.0 = Release|Any CPU
		{F8A1E119-C559-45F0-98CB-7EC88E84D8EE}.Release|x86.ActiveCfg = Release|Any CPU
		{F8A1E119-C559-45F0-98CB-7EC88E84D8EE}.Release|x86.Build.0 = Release|Any CPU
		{0288DC08-D688-478B-8026-45F06143F97A}.Debug|Any CPU.ActiveCfg = Debug|Any CPU
		{0288DC08-D688-478B-8026-45F06143F97A}.Debug|Any CPU.Build.0 = Debug|Any CPU
		{0288DC08-D688-478B-8026-45F06143F97A}.Debug|x64.ActiveCfg = Debug|Any CPU
		{0288DC08-D688-478B-8026-45F06143F97A}.Debug|x64.Build.0 = Debug|Any CPU
		{0288DC08-D688-478B-8026-45F06143F97A}.Debug|x86.ActiveCfg = Debug|Any CPU
		{0288DC08-D688-478B-8026-45F06143F97A}.Debug|x86.Build.0 = Debug|Any CPU
		{0288DC08-D688-478B-8026-45F06143F97A}.Release|Any CPU.ActiveCfg = Release|Any CPU
		{0288DC08-D688-478B-8026-45F06143F97A}.Release|Any CPU.Build.0 = Release|Any CPU
		{0288DC08-D688-478B-8026-45F06143F97A}.Release|x64.ActiveCfg = Release|Any CPU
		{0288DC08-D688-478B-8026-45F06143F97A}.Release|x64.Build.0 = Release|Any CPU
		{0288DC08-D688-478B-8026-45F06143F97A}.Release|x86.ActiveCfg = Release|Any CPU
		{0288DC08-D688-478B-8026-45F06143F97A}.Release|x86.Build.0 = Release|Any CPU
		{0499CFF0-5485-4772-A33F-AB6D2BA3B1DE}.Debug|Any CPU.ActiveCfg = Debug|Any CPU
		{0499CFF0-5485-4772-A33F-AB6D2BA3B1DE}.Debug|Any CPU.Build.0 = Debug|Any CPU
		{0499CFF0-5485-4772-A33F-AB6D2BA3B1DE}.Debug|x64.ActiveCfg = Debug|Any CPU
		{0499CFF0-5485-4772-A33F-AB6D2BA3B1DE}.Debug|x64.Build.0 = Debug|Any CPU
		{0499CFF0-5485-4772-A33F-AB6D2BA3B1DE}.Debug|x86.ActiveCfg = Debug|Any CPU
		{0499CFF0-5485-4772-A33F-AB6D2BA3B1DE}.Debug|x86.Build.0 = Debug|Any CPU
		{0499CFF0-5485-4772-A33F-AB6D2BA3B1DE}.Release|Any CPU.ActiveCfg = Release|Any CPU
		{0499CFF0-5485-4772-A33F-AB6D2BA3B1DE}.Release|Any CPU.Build.0 = Release|Any CPU
		{0499CFF0-5485-4772-A33F-AB6D2BA3B1DE}.Release|x64.ActiveCfg = Release|Any CPU
		{0499CFF0-5485-4772-A33F-AB6D2BA3B1DE}.Release|x64.Build.0 = Release|Any CPU
		{0499CFF0-5485-4772-A33F-AB6D2BA3B1DE}.Release|x86.ActiveCfg = Release|Any CPU
		{0499CFF0-5485-4772-A33F-AB6D2BA3B1DE}.Release|x86.Build.0 = Release|Any CPU
		{76ADCF95-2FDB-4135-A30B-1CDE34FBD29A}.Debug|Any CPU.ActiveCfg = Debug|Any CPU
		{76ADCF95-2FDB-4135-A30B-1CDE34FBD29A}.Debug|Any CPU.Build.0 = Debug|Any CPU
		{76ADCF95-2FDB-4135-A30B-1CDE34FBD29A}.Debug|x64.ActiveCfg = Debug|Any CPU
		{76ADCF95-2FDB-4135-A30B-1CDE34FBD29A}.Debug|x64.Build.0 = Debug|Any CPU
		{76ADCF95-2FDB-4135-A30B-1CDE34FBD29A}.Debug|x86.ActiveCfg = Debug|Any CPU
		{76ADCF95-2FDB-4135-A30B-1CDE34FBD29A}.Debug|x86.Build.0 = Debug|Any CPU
		{76ADCF95-2FDB-4135-A30B-1CDE34FBD29A}.Release|Any CPU.ActiveCfg = Release|Any CPU
		{76ADCF95-2FDB-4135-A30B-1CDE34FBD29A}.Release|Any CPU.Build.0 = Release|Any CPU
		{76ADCF95-2FDB-4135-A30B-1CDE34FBD29A}.Release|x64.ActiveCfg = Release|Any CPU
		{76ADCF95-2FDB-4135-A30B-1CDE34FBD29A}.Release|x64.Build.0 = Release|Any CPU
		{76ADCF95-2FDB-4135-A30B-1CDE34FBD29A}.Release|x86.ActiveCfg = Release|Any CPU
		{76ADCF95-2FDB-4135-A30B-1CDE34FBD29A}.Release|x86.Build.0 = Release|Any CPU
		{BDF553CC-28F5-48C3-98BF-D6500709DC25}.Debug|Any CPU.ActiveCfg = Debug|Any CPU
		{BDF553CC-28F5-48C3-98BF-D6500709DC25}.Debug|Any CPU.Build.0 = Debug|Any CPU
		{BDF553CC-28F5-48C3-98BF-D6500709DC25}.Debug|x64.ActiveCfg = Debug|Any CPU
		{BDF553CC-28F5-48C3-98BF-D6500709DC25}.Debug|x64.Build.0 = Debug|Any CPU
		{BDF553CC-28F5-48C3-98BF-D6500709DC25}.Debug|x86.ActiveCfg = Debug|Any CPU
		{BDF553CC-28F5-48C3-98BF-D6500709DC25}.Debug|x86.Build.0 = Debug|Any CPU
		{BDF553CC-28F5-48C3-98BF-D6500709DC25}.Release|Any CPU.ActiveCfg = Release|Any CPU
		{BDF553CC-28F5-48C3-98BF-D6500709DC25}.Release|Any CPU.Build.0 = Release|Any CPU
		{BDF553CC-28F5-48C3-98BF-D6500709DC25}.Release|x64.ActiveCfg = Release|Any CPU
		{BDF553CC-28F5-48C3-98BF-D6500709DC25}.Release|x64.Build.0 = Release|Any CPU
		{BDF553CC-28F5-48C3-98BF-D6500709DC25}.Release|x86.ActiveCfg = Release|Any CPU
		{BDF553CC-28F5-48C3-98BF-D6500709DC25}.Release|x86.Build.0 = Release|Any CPU
	EndGlobalSection
	GlobalSection(SolutionProperties) = preSolution
		HideSolutionNode = FALSE
	EndGlobalSection
	GlobalSection(ExtensibilityGlobals) = postSolution
		SolutionGuid = {F8647B3E-2FE3-4611-9461-4C8E13732CFC}
	EndGlobalSection
EndGlobal
