
Microsoft Visual Studio Solution File, Format Version 12.00
# Visual Studio 15
VisualStudioVersion = 15.0.26430.16
MinimumVisualStudioVersion = 10.0.40219.1
Project("{9A19103F-16F7-4668-BE54-9A1E7A4F7556}") = "NodaTime.Web", "NodaTime.Web\NodaTime.Web.csproj", "{9554E3CB-ACAF-4BD1-841D-EF97F42DA600}"
EndProject
Project("{9A19103F-16F7-4668-BE54-9A1E7A4F7556}") = "NodaTime", "NodaTime\NodaTime.csproj", "{7A3E16B5-D679-4439-BA10-EE1D3401F576}"
EndProject
Project("{9A19103F-16F7-4668-BE54-9A1E7A4F7556}") = "NodaTime.TzValidate.NodaDump", "NodaTime.TzValidate.NodaDump\NodaTime.TzValidate.NodaDump.csproj", "{3E3DB509-7884-447D-8116-747CAEB4D6AA}"
EndProject
Project("{9A19103F-16F7-4668-BE54-9A1E7A4F7556}") = "NodaTime.TzdbCompiler", "NodaTime.TzdbCompiler\NodaTime.TzdbCompiler.csproj", "{9280052D-FB49-46CD-A27F-74E7B86DC0A2}"
EndProject
Project("{9A19103F-16F7-4668-BE54-9A1E7A4F7556}") = "NodaTime.Web.Test", "NodaTime.Web.Test\NodaTime.Web.Test.csproj", "{5711CF58-D41C-4522-A1B8-EC8FB7893ADB}"
EndProject
Project("{9A19103F-16F7-4668-BE54-9A1E7A4F7556}") = "NodaTime.Tools.Common", "NodaTime.Tools.Common\NodaTime.Tools.Common.csproj", "{10A658FA-6FF2-4B6E-8190-66C333F72ADE}"
EndProject
Global
	GlobalSection(SolutionConfigurationPlatforms) = preSolution
		Debug|Any CPU = Debug|Any CPU
		Release|Any CPU = Release|Any CPU
	EndGlobalSection
	GlobalSection(ProjectConfigurationPlatforms) = postSolution
		{9554E3CB-ACAF-4BD1-841D-EF97F42DA600}.Debug|Any CPU.ActiveCfg = Debug|Any CPU
		{9554E3CB-ACAF-4BD1-841D-EF97F42DA600}.Debug|Any CPU.Build.0 = Debug|Any CPU
		{9554E3CB-ACAF-4BD1-841D-EF97F42DA600}.Release|Any CPU.ActiveCfg = Release|Any CPU
		{9554E3CB-ACAF-4BD1-841D-EF97F42DA600}.Release|Any CPU.Build.0 = Release|Any CPU
		{7A3E16B5-D679-4439-BA10-EE1D3401F576}.Debug|Any CPU.ActiveCfg = Debug|Any CPU
		{7A3E16B5-D679-4439-BA10-EE1D3401F576}.Debug|Any CPU.Build.0 = Debug|Any CPU
		{7A3E16B5-D679-4439-BA10-EE1D3401F576}.Release|Any CPU.ActiveCfg = Release|Any CPU
		{7A3E16B5-D679-4439-BA10-EE1D3401F576}.Release|Any CPU.Build.0 = Release|Any CPU
		{3E3DB509-7884-447D-8116-747CAEB4D6AA}.Debug|Any CPU.ActiveCfg = Debug|Any CPU
		{3E3DB509-7884-447D-8116-747CAEB4D6AA}.Debug|Any CPU.Build.0 = Debug|Any CPU
		{3E3DB509-7884-447D-8116-747CAEB4D6AA}.Release|Any CPU.ActiveCfg = Release|Any CPU
		{3E3DB509-7884-447D-8116-747CAEB4D6AA}.Release|Any CPU.Build.0 = Release|Any CPU
		{9280052D-FB49-46CD-A27F-74E7B86DC0A2}.Debug|Any CPU.ActiveCfg = Debug|Any CPU
		{9280052D-FB49-46CD-A27F-74E7B86DC0A2}.Debug|Any CPU.Build.0 = Debug|Any CPU
		{9280052D-FB49-46CD-A27F-74E7B86DC0A2}.Release|Any CPU.ActiveCfg = Release|Any CPU
		{9280052D-FB49-46CD-A27F-74E7B86DC0A2}.Release|Any CPU.Build.0 = Release|Any CPU
		{5711CF58-D41C-4522-A1B8-EC8FB7893ADB}.Debug|Any CPU.ActiveCfg = Debug|Any CPU
		{5711CF58-D41C-4522-A1B8-EC8FB7893ADB}.Debug|Any CPU.Build.0 = Debug|Any CPU
		{5711CF58-D41C-4522-A1B8-EC8FB7893ADB}.Release|Any CPU.ActiveCfg = Release|Any CPU
		{5711CF58-D41C-4522-A1B8-EC8FB7893ADB}.Release|Any CPU.Build.0 = Release|Any CPU
		{10A658FA-6FF2-4B6E-8190-66C333F72ADE}.Debug|Any CPU.ActiveCfg = Debug|Any CPU
		{10A658FA-6FF2-4B6E-8190-66C333F72ADE}.Debug|Any CPU.Build.0 = Debug|Any CPU
		{10A658FA-6FF2-4B6E-8190-66C333F72ADE}.Release|Any CPU.ActiveCfg = Release|Any CPU
		{10A658FA-6FF2-4B6E-8190-66C333F72ADE}.Release|Any CPU.Build.0 = Release|Any CPU
	EndGlobalSection
	GlobalSection(SolutionProperties) = preSolution
		HideSolutionNode = FALSE
	EndGlobalSection
	GlobalSection(ExtensibilityGlobals) = postSolution
		SolutionGuid = {0748778D-B9EE-4CA8-9915-86EE58135A9A}
	EndGlobalSection
EndGlobal
