
Microsoft Visual Studio Solution File, Format Version 11.00
# Visual Studio 2010
Project("{FAE04EC0-301F-11D3-BF4B-00C04F79EFBC}") = "NodaTime", "NodaTime\NodaTime.csproj", "{42B687A6-0F76-4638-A372-161C922A998B}"
EndProject
Project("{FAE04EC0-301F-11D3-BF4B-00C04F79EFBC}") = "NodaTime.Test", "NodaTime.Test\NodaTime.Test.csproj", "{F870636C-1018-4392-8C74-76AD498EDD66}"
EndProject
Project("{FAE04EC0-301F-11D3-BF4B-00C04F79EFBC}") = "ZoneInfoCompiler", "ZoneInfoCompiler\ZoneInfoCompiler.csproj", "{F51A7DF5-1559-45C3-A606-494DAD63A892}"
EndProject
Project("{FAE04EC0-301F-11D3-BF4B-00C04F79EFBC}") = "ZoneInfoCompiler.Test", "ZoneInfoCompiler.Test\ZoneInfoCompiler.Test.csproj", "{0A4C2376-D366-43DB-92E1-306FFCC81553}"
EndProject
Project("{FAE04EC0-301F-11D3-BF4B-00C04F79EFBC}") = "NodaTime.Benchmarks", "NodaTime.Benchmarks\NodaTime.Benchmarks.csproj", "{8123BB5D-1DEB-478A-A1B3-9CA8940CA4C9}"
EndProject
Project("{FAE04EC0-301F-11D3-BF4B-00C04F79EFBC}") = "NodaTime.Demo", "NodaTime.Demo\NodaTime.Demo.csproj", "{F7EFF3ED-61FE-4E0F-8657-0A6FB263F764}"
EndProject
Project("{FAE04EC0-301F-11D3-BF4B-00C04F79EFBC}") = "ZoneInfoCompilerW", "ZoneInfoCompilerW\ZoneInfoCompilerW.csproj", "{73EEBD0B-8ABE-48EE-96E5-D6A23CF76F99}"
EndProject
Project("{2150E333-8FDC-42A3-9474-1A3956D46DE8}") = "Solution Items", "Solution Items", "{ECB7E05E-F7A0-4D39-89D8-42CCCDAD2960}"
	ProjectSection(SolutionItems) = preProject
		NodaTime VS2010.vsmdi = NodaTime VS2010.vsmdi
	EndProjectSection
EndProject
Global
	GlobalSection(TestCaseManagementSettings) = postSolution
		CategoryFile = NodaTime VS2010.vsmdi
	EndGlobalSection
	GlobalSection(SolutionConfigurationPlatforms) = preSolution
		Debug|Any CPU = Debug|Any CPU
		Debug|Mixed Platforms = Debug|Mixed Platforms
		Debug|x86 = Debug|x86
		Release|Any CPU = Release|Any CPU
		Release|Mixed Platforms = Release|Mixed Platforms
		Release|x86 = Release|x86
	EndGlobalSection
	GlobalSection(ProjectConfigurationPlatforms) = postSolution
		{42B687A6-0F76-4638-A372-161C922A998B}.Debug|Any CPU.ActiveCfg = Debug|Any CPU
		{42B687A6-0F76-4638-A372-161C922A998B}.Debug|Any CPU.Build.0 = Debug|Any CPU
		{42B687A6-0F76-4638-A372-161C922A998B}.Debug|Mixed Platforms.ActiveCfg = Debug|Any CPU
		{42B687A6-0F76-4638-A372-161C922A998B}.Debug|Mixed Platforms.Build.0 = Debug|Any CPU
		{42B687A6-0F76-4638-A372-161C922A998B}.Debug|x86.ActiveCfg = Debug|Any CPU
		{42B687A6-0F76-4638-A372-161C922A998B}.Release|Any CPU.ActiveCfg = Release|Any CPU
		{42B687A6-0F76-4638-A372-161C922A998B}.Release|Any CPU.Build.0 = Release|Any CPU
		{42B687A6-0F76-4638-A372-161C922A998B}.Release|Mixed Platforms.ActiveCfg = Release|Any CPU
		{42B687A6-0F76-4638-A372-161C922A998B}.Release|Mixed Platforms.Build.0 = Release|Any CPU
		{42B687A6-0F76-4638-A372-161C922A998B}.Release|x86.ActiveCfg = Release|Any CPU
		{F870636C-1018-4392-8C74-76AD498EDD66}.Debug|Any CPU.ActiveCfg = Debug|Any CPU
		{F870636C-1018-4392-8C74-76AD498EDD66}.Debug|Any CPU.Build.0 = Debug|Any CPU
		{F870636C-1018-4392-8C74-76AD498EDD66}.Debug|Mixed Platforms.ActiveCfg = Debug|Any CPU
		{F870636C-1018-4392-8C74-76AD498EDD66}.Debug|Mixed Platforms.Build.0 = Debug|Any CPU
		{F870636C-1018-4392-8C74-76AD498EDD66}.Debug|x86.ActiveCfg = Debug|Any CPU
		{F870636C-1018-4392-8C74-76AD498EDD66}.Release|Any CPU.ActiveCfg = Release|Any CPU
		{F870636C-1018-4392-8C74-76AD498EDD66}.Release|Any CPU.Build.0 = Release|Any CPU
		{F870636C-1018-4392-8C74-76AD498EDD66}.Release|Mixed Platforms.ActiveCfg = Release|Any CPU
		{F870636C-1018-4392-8C74-76AD498EDD66}.Release|Mixed Platforms.Build.0 = Release|Any CPU
		{F870636C-1018-4392-8C74-76AD498EDD66}.Release|x86.ActiveCfg = Release|Any CPU
		{F51A7DF5-1559-45C3-A606-494DAD63A892}.Debug|Any CPU.ActiveCfg = Debug|Any CPU
		{F51A7DF5-1559-45C3-A606-494DAD63A892}.Debug|Any CPU.Build.0 = Debug|Any CPU
		{F51A7DF5-1559-45C3-A606-494DAD63A892}.Debug|Mixed Platforms.ActiveCfg = Debug|Any CPU
		{F51A7DF5-1559-45C3-A606-494DAD63A892}.Debug|Mixed Platforms.Build.0 = Debug|Any CPU
		{F51A7DF5-1559-45C3-A606-494DAD63A892}.Debug|x86.ActiveCfg = Debug|Any CPU
		{F51A7DF5-1559-45C3-A606-494DAD63A892}.Release|Any CPU.ActiveCfg = Release|Any CPU
		{F51A7DF5-1559-45C3-A606-494DAD63A892}.Release|Any CPU.Build.0 = Release|Any CPU
		{F51A7DF5-1559-45C3-A606-494DAD63A892}.Release|Mixed Platforms.ActiveCfg = Release|Any CPU
		{F51A7DF5-1559-45C3-A606-494DAD63A892}.Release|Mixed Platforms.Build.0 = Release|Any CPU
		{F51A7DF5-1559-45C3-A606-494DAD63A892}.Release|x86.ActiveCfg = Release|Any CPU
		{0A4C2376-D366-43DB-92E1-306FFCC81553}.Debug|Any CPU.ActiveCfg = Debug|Any CPU
		{0A4C2376-D366-43DB-92E1-306FFCC81553}.Debug|Any CPU.Build.0 = Debug|Any CPU
		{0A4C2376-D366-43DB-92E1-306FFCC81553}.Debug|Mixed Platforms.ActiveCfg = Debug|Any CPU
		{0A4C2376-D366-43DB-92E1-306FFCC81553}.Debug|Mixed Platforms.Build.0 = Debug|Any CPU
		{0A4C2376-D366-43DB-92E1-306FFCC81553}.Debug|x86.ActiveCfg = Debug|Any CPU
		{0A4C2376-D366-43DB-92E1-306FFCC81553}.Release|Any CPU.ActiveCfg = Release|Any CPU
		{0A4C2376-D366-43DB-92E1-306FFCC81553}.Release|Any CPU.Build.0 = Release|Any CPU
		{0A4C2376-D366-43DB-92E1-306FFCC81553}.Release|Mixed Platforms.ActiveCfg = Release|Any CPU
		{0A4C2376-D366-43DB-92E1-306FFCC81553}.Release|Mixed Platforms.Build.0 = Release|Any CPU
		{0A4C2376-D366-43DB-92E1-306FFCC81553}.Release|x86.ActiveCfg = Release|Any CPU
		{8123BB5D-1DEB-478A-A1B3-9CA8940CA4C9}.Debug|Any CPU.ActiveCfg = Debug|Any CPU
		{8123BB5D-1DEB-478A-A1B3-9CA8940CA4C9}.Debug|Any CPU.Build.0 = Debug|Any CPU
		{8123BB5D-1DEB-478A-A1B3-9CA8940CA4C9}.Debug|Mixed Platforms.ActiveCfg = Debug|Any CPU
		{8123BB5D-1DEB-478A-A1B3-9CA8940CA4C9}.Debug|Mixed Platforms.Build.0 = Debug|Any CPU
		{8123BB5D-1DEB-478A-A1B3-9CA8940CA4C9}.Debug|x86.ActiveCfg = Debug|Any CPU
		{8123BB5D-1DEB-478A-A1B3-9CA8940CA4C9}.Release|Any CPU.ActiveCfg = Release|Any CPU
		{8123BB5D-1DEB-478A-A1B3-9CA8940CA4C9}.Release|Any CPU.Build.0 = Release|Any CPU
		{8123BB5D-1DEB-478A-A1B3-9CA8940CA4C9}.Release|Mixed Platforms.ActiveCfg = Release|Any CPU
		{8123BB5D-1DEB-478A-A1B3-9CA8940CA4C9}.Release|Mixed Platforms.Build.0 = Release|Any CPU
		{8123BB5D-1DEB-478A-A1B3-9CA8940CA4C9}.Release|x86.ActiveCfg = Release|Any CPU
		{F7EFF3ED-61FE-4E0F-8657-0A6FB263F764}.Debug|Any CPU.ActiveCfg = Debug|Any CPU
		{F7EFF3ED-61FE-4E0F-8657-0A6FB263F764}.Debug|Any CPU.Build.0 = Debug|Any CPU
		{F7EFF3ED-61FE-4E0F-8657-0A6FB263F764}.Debug|Mixed Platforms.ActiveCfg = Debug|Any CPU
		{F7EFF3ED-61FE-4E0F-8657-0A6FB263F764}.Debug|Mixed Platforms.Build.0 = Debug|Any CPU
		{F7EFF3ED-61FE-4E0F-8657-0A6FB263F764}.Debug|x86.ActiveCfg = Debug|Any CPU
		{F7EFF3ED-61FE-4E0F-8657-0A6FB263F764}.Release|Any CPU.ActiveCfg = Release|Any CPU
		{F7EFF3ED-61FE-4E0F-8657-0A6FB263F764}.Release|Any CPU.Build.0 = Release|Any CPU
		{F7EFF3ED-61FE-4E0F-8657-0A6FB263F764}.Release|Mixed Platforms.ActiveCfg = Release|Any CPU
		{F7EFF3ED-61FE-4E0F-8657-0A6FB263F764}.Release|Mixed Platforms.Build.0 = Release|Any CPU
		{F7EFF3ED-61FE-4E0F-8657-0A6FB263F764}.Release|x86.ActiveCfg = Release|Any CPU
		{73EEBD0B-8ABE-48EE-96E5-D6A23CF76F99}.Debug|Any CPU.ActiveCfg = Debug|x86
		{73EEBD0B-8ABE-48EE-96E5-D6A23CF76F99}.Debug|Mixed Platforms.ActiveCfg = Debug|x86
		{73EEBD0B-8ABE-48EE-96E5-D6A23CF76F99}.Debug|Mixed Platforms.Build.0 = Debug|x86
		{73EEBD0B-8ABE-48EE-96E5-D6A23CF76F99}.Debug|x86.ActiveCfg = Debug|x86
		{73EEBD0B-8ABE-48EE-96E5-D6A23CF76F99}.Debug|x86.Build.0 = Debug|x86
		{73EEBD0B-8ABE-48EE-96E5-D6A23CF76F99}.Release|Any CPU.ActiveCfg = Release|x86
		{73EEBD0B-8ABE-48EE-96E5-D6A23CF76F99}.Release|Mixed Platforms.ActiveCfg = Release|x86
		{73EEBD0B-8ABE-48EE-96E5-D6A23CF76F99}.Release|Mixed Platforms.Build.0 = Release|x86
		{73EEBD0B-8ABE-48EE-96E5-D6A23CF76F99}.Release|x86.ActiveCfg = Release|x86
		{73EEBD0B-8ABE-48EE-96E5-D6A23CF76F99}.Release|x86.Build.0 = Release|x86
	EndGlobalSection
	GlobalSection(SolutionProperties) = preSolution
		HideSolutionNode = FALSE
	EndGlobalSection
	GlobalSection(MercurialSourceControlSolutionProperties) = preSolution
		SolutionIsControlled = True
		SolutionBindings = <Solution Location In Database>
	EndGlobalSection
EndGlobal
