
Microsoft Visual Studio Solution File, Format Version 12.00
# Visual Studio 2013
VisualStudioVersion = 12.0.30501.0
MinimumVisualStudioVersion = 10.0.40219.1
Project("{FAE04EC0-301F-11D3-BF4B-00C04F79EFBC}") = "NodaTime.Web", "NodaTime.Web\NodaTime.Web.csproj", "{D5A44B96-1239-4D2A-88E6-CDC83CC5FEC9}"
EndProject
Project("{FAE04EC0-301F-11D3-BF4B-00C04F79EFBC}") = "NodaTime.Benchmarks.Storage", "NodaTime.Benchmarks.Storage\NodaTime.Benchmarks.Storage.csproj", "{4EFBC06C-5113-470A-9CFE-5A8AEE0225DA}"
EndProject
Global
	GlobalSection(SolutionConfigurationPlatforms) = preSolution
		Debug|Any CPU = Debug|Any CPU
		Release|Any CPU = Release|Any CPU
	EndGlobalSection
	GlobalSection(ProjectConfigurationPlatforms) = postSolution
		{D5A44B96-1239-4D2A-88E6-CDC83CC5FEC9}.Debug|Any CPU.ActiveCfg = Debug|Any CPU
		{D5A44B96-1239-4D2A-88E6-CDC83CC5FEC9}.Debug|Any CPU.Build.0 = Debug|Any CPU
		{D5A44B96-1239-4D2A-88E6-CDC83CC5FEC9}.Release|Any CPU.ActiveCfg = Release|Any CPU
		{D5A44B96-1239-4D2A-88E6-CDC83CC5FEC9}.Release|Any CPU.Build.0 = Release|Any CPU
		{4EFBC06C-5113-470A-9CFE-5A8AEE0225DA}.Debug|Any CPU.ActiveCfg = Debug|Any CPU
		{4EFBC06C-5113-470A-9CFE-5A8AEE0225DA}.Debug|Any CPU.Build.0 = Debug|Any CPU
		{4EFBC06C-5113-470A-9CFE-5A8AEE0225DA}.Release|Any CPU.ActiveCfg = Release|Any CPU
		{4EFBC06C-5113-470A-9CFE-5A8AEE0225DA}.Release|Any CPU.Build.0 = Release|Any CPU
	EndGlobalSection
	GlobalSection(SolutionProperties) = preSolution
		HideSolutionNode = FALSE
	EndGlobalSection
EndGlobal
