
Microsoft Visual Studio Solution File, Format Version 12.00
# Visual Studio 2012
Project("{FAE04EC0-301F-11D3-BF4B-00C04F79EFBC}") = "NodaTime", "NodaTime\NodaTime.csproj", "{42B687A6-0F76-4638-A372-161C922A998B}"
EndProject
Project("{FAE04EC0-301F-11D3-BF4B-00C04F79EFBC}") = "NodaTime.Test", "NodaTime.Test\NodaTime.Test.csproj", "{F870636C-1018-4392-8C74-76AD498EDD66}"
EndProject
Project("{FAE04EC0-301F-11D3-BF4B-00C04F79EFBC}") = "ZoneInfoCompiler", "ZoneInfoCompiler\ZoneInfoCompiler.csproj", "{F51A7DF5-1559-45C3-A606-494DAD63A892}"
EndProject
Project("{FAE04EC0-301F-11D3-BF4B-00C04F79EFBC}") = "ZoneInfoCompiler.Test", "ZoneInfoCompiler.Test\ZoneInfoCompiler.Test.csproj", "{0A4C2376-D366-43DB-92E1-306FFCC81553}"
EndProject
Project("{FAE04EC0-301F-11D3-BF4B-00C04F79EFBC}") = "NodaTime.Benchmarks", "NodaTime.Benchmarks\NodaTime.Benchmarks.csproj", "{8123BB5D-1DEB-478A-A1B3-9CA8940CA4C9}"
EndProject
Project("{FAE04EC0-301F-11D3-BF4B-00C04F79EFBC}") = "NodaTime.Demo", "NodaTime.Demo\NodaTime.Demo.csproj", "{F7EFF3ED-61FE-4E0F-8657-0A6FB263F764}"
EndProject
Project("{FAE04EC0-301F-11D3-BF4B-00C04F79EFBC}") = "NodaTime.Testing", "NodaTime.Testing\NodaTime.Testing.csproj", "{BC9407FE-A661-4DFE-8B24-D2E2F450743F}"
EndProject
Project("{FAE04EC0-301F-11D3-BF4B-00C04F79EFBC}") = "NodaTime.CheckTimeZones", "NodaTime.CheckTimeZones\NodaTime.CheckTimeZones.csproj", "{1002B6E1-294B-4475-8E8A-8D51B0A2E332}"
EndProject
Project("{FAE04EC0-301F-11D3-BF4B-00C04F79EFBC}") = "NodaTime.Serialization.JsonNet", "NodaTime.Serialization.JsonNet\NodaTime.Serialization.JsonNet.csproj", "{A9A2C498-FA61-4495-9953-16D56F8478F3}"
EndProject
Project("{FAE04EC0-301F-11D3-BF4B-00C04F79EFBC}") = "NodaTime.Serialization.Test", "NodaTime.Serialization.Test\NodaTime.Serialization.Test.csproj", "{DA5AF694-C7DF-4989-947D-355C4C5F912B}"
EndProject
Global
	GlobalSection(SolutionConfigurationPlatforms) = preSolution
		Debug|Any CPU = Debug|Any CPU
		Debug|Mixed Platforms = Debug|Mixed Platforms
		Debug|x86 = Debug|x86
		Release|Any CPU = Release|Any CPU
		Release|Mixed Platforms = Release|Mixed Platforms
		Release|x86 = Release|x86
		Signed Release|Any CPU = Signed Release|Any CPU
		Signed Release|Mixed Platforms = Signed Release|Mixed Platforms
		Signed Release|x86 = Signed Release|x86
	EndGlobalSection
	GlobalSection(ProjectConfigurationPlatforms) = postSolution
		{42B687A6-0F76-4638-A372-161C922A998B}.Debug|Any CPU.ActiveCfg = Debug|Any CPU
		{42B687A6-0F76-4638-A372-161C922A998B}.Debug|Any CPU.Build.0 = Debug|Any CPU
		{42B687A6-0F76-4638-A372-161C922A998B}.Debug|Mixed Platforms.ActiveCfg = Debug|Any CPU
		{42B687A6-0F76-4638-A372-161C922A998B}.Debug|Mixed Platforms.Build.0 = Debug|Any CPU
		{42B687A6-0F76-4638-A372-161C922A998B}.Debug|x86.ActiveCfg = Debug|Any CPU
		{42B687A6-0F76-4638-A372-161C922A998B}.Release|Any CPU.ActiveCfg = Release|Any CPU
		{42B687A6-0F76-4638-A372-161C922A998B}.Release|Any CPU.Build.0 = Release|Any CPU
		{42B687A6-0F76-4638-A372-161C922A998B}.Release|Mixed Platforms.ActiveCfg = Release|Any CPU
		{42B687A6-0F76-4638-A372-161C922A998B}.Release|Mixed Platforms.Build.0 = Release|Any CPU
		{42B687A6-0F76-4638-A372-161C922A998B}.Release|x86.ActiveCfg = Release|Any CPU
		{42B687A6-0F76-4638-A372-161C922A998B}.Signed Release|Any CPU.ActiveCfg = Signed Release|Any CPU
		{42B687A6-0F76-4638-A372-161C922A998B}.Signed Release|Any CPU.Build.0 = Signed Release|Any CPU
		{42B687A6-0F76-4638-A372-161C922A998B}.Signed Release|Mixed Platforms.ActiveCfg = Signed Release|Any CPU
		{42B687A6-0F76-4638-A372-161C922A998B}.Signed Release|Mixed Platforms.Build.0 = Signed Release|Any CPU
		{42B687A6-0F76-4638-A372-161C922A998B}.Signed Release|x86.ActiveCfg = Signed Release|Any CPU
		{F870636C-1018-4392-8C74-76AD498EDD66}.Debug|Any CPU.ActiveCfg = Debug|Any CPU
		{F870636C-1018-4392-8C74-76AD498EDD66}.Debug|Any CPU.Build.0 = Debug|Any CPU
		{F870636C-1018-4392-8C74-76AD498EDD66}.Debug|Mixed Platforms.ActiveCfg = Debug|Any CPU
		{F870636C-1018-4392-8C74-76AD498EDD66}.Debug|Mixed Platforms.Build.0 = Debug|Any CPU
		{F870636C-1018-4392-8C74-76AD498EDD66}.Debug|x86.ActiveCfg = Debug|Any CPU
		{F870636C-1018-4392-8C74-76AD498EDD66}.Release|Any CPU.ActiveCfg = Release|Any CPU
		{F870636C-1018-4392-8C74-76AD498EDD66}.Release|Any CPU.Build.0 = Release|Any CPU
		{F870636C-1018-4392-8C74-76AD498EDD66}.Release|Mixed Platforms.ActiveCfg = Release|Any CPU
		{F870636C-1018-4392-8C74-76AD498EDD66}.Release|Mixed Platforms.Build.0 = Release|Any CPU
		{F870636C-1018-4392-8C74-76AD498EDD66}.Release|x86.ActiveCfg = Release|Any CPU
		{F870636C-1018-4392-8C74-76AD498EDD66}.Signed Release|Any CPU.ActiveCfg = Signed Release|Any CPU
		{F870636C-1018-4392-8C74-76AD498EDD66}.Signed Release|Any CPU.Build.0 = Signed Release|Any CPU
		{F870636C-1018-4392-8C74-76AD498EDD66}.Signed Release|Mixed Platforms.ActiveCfg = Signed Release|Any CPU
		{F870636C-1018-4392-8C74-76AD498EDD66}.Signed Release|Mixed Platforms.Build.0 = Signed Release|Any CPU
		{F870636C-1018-4392-8C74-76AD498EDD66}.Signed Release|x86.ActiveCfg = Signed Release|Any CPU
		{F51A7DF5-1559-45C3-A606-494DAD63A892}.Debug|Any CPU.ActiveCfg = Debug|Any CPU
		{F51A7DF5-1559-45C3-A606-494DAD63A892}.Debug|Any CPU.Build.0 = Debug|Any CPU
		{F51A7DF5-1559-45C3-A606-494DAD63A892}.Debug|Mixed Platforms.ActiveCfg = Debug|Any CPU
		{F51A7DF5-1559-45C3-A606-494DAD63A892}.Debug|Mixed Platforms.Build.0 = Debug|Any CPU
		{F51A7DF5-1559-45C3-A606-494DAD63A892}.Debug|x86.ActiveCfg = Debug|Any CPU
		{F51A7DF5-1559-45C3-A606-494DAD63A892}.Release|Any CPU.ActiveCfg = Release|Any CPU
		{F51A7DF5-1559-45C3-A606-494DAD63A892}.Release|Any CPU.Build.0 = Release|Any CPU
		{F51A7DF5-1559-45C3-A606-494DAD63A892}.Release|Mixed Platforms.ActiveCfg = Release|Any CPU
		{F51A7DF5-1559-45C3-A606-494DAD63A892}.Release|Mixed Platforms.Build.0 = Release|Any CPU
		{F51A7DF5-1559-45C3-A606-494DAD63A892}.Release|x86.ActiveCfg = Release|Any CPU
		{F51A7DF5-1559-45C3-A606-494DAD63A892}.Signed Release|Any CPU.ActiveCfg = Signed Release|Any CPU
		{F51A7DF5-1559-45C3-A606-494DAD63A892}.Signed Release|Any CPU.Build.0 = Signed Release|Any CPU
		{F51A7DF5-1559-45C3-A606-494DAD63A892}.Signed Release|Mixed Platforms.ActiveCfg = Signed Release|Any CPU
		{F51A7DF5-1559-45C3-A606-494DAD63A892}.Signed Release|Mixed Platforms.Build.0 = Signed Release|Any CPU
		{F51A7DF5-1559-45C3-A606-494DAD63A892}.Signed Release|x86.ActiveCfg = Signed Release|Any CPU
		{0A4C2376-D366-43DB-92E1-306FFCC81553}.Debug|Any CPU.ActiveCfg = Debug|Any CPU
		{0A4C2376-D366-43DB-92E1-306FFCC81553}.Debug|Any CPU.Build.0 = Debug|Any CPU
		{0A4C2376-D366-43DB-92E1-306FFCC81553}.Debug|Mixed Platforms.ActiveCfg = Debug|Any CPU
		{0A4C2376-D366-43DB-92E1-306FFCC81553}.Debug|Mixed Platforms.Build.0 = Debug|Any CPU
		{0A4C2376-D366-43DB-92E1-306FFCC81553}.Debug|x86.ActiveCfg = Debug|Any CPU
		{0A4C2376-D366-43DB-92E1-306FFCC81553}.Release|Any CPU.ActiveCfg = Release|Any CPU
		{0A4C2376-D366-43DB-92E1-306FFCC81553}.Release|Any CPU.Build.0 = Release|Any CPU
		{0A4C2376-D366-43DB-92E1-306FFCC81553}.Release|Mixed Platforms.ActiveCfg = Release|Any CPU
		{0A4C2376-D366-43DB-92E1-306FFCC81553}.Release|Mixed Platforms.Build.0 = Release|Any CPU
		{0A4C2376-D366-43DB-92E1-306FFCC81553}.Release|x86.ActiveCfg = Release|Any CPU
		{0A4C2376-D366-43DB-92E1-306FFCC81553}.Signed Release|Any CPU.ActiveCfg = Signed Release|Any CPU
		{0A4C2376-D366-43DB-92E1-306FFCC81553}.Signed Release|Any CPU.Build.0 = Signed Release|Any CPU
		{0A4C2376-D366-43DB-92E1-306FFCC81553}.Signed Release|Mixed Platforms.ActiveCfg = Signed Release|Any CPU
		{0A4C2376-D366-43DB-92E1-306FFCC81553}.Signed Release|Mixed Platforms.Build.0 = Signed Release|Any CPU
		{0A4C2376-D366-43DB-92E1-306FFCC81553}.Signed Release|x86.ActiveCfg = Signed Release|Any CPU
		{8123BB5D-1DEB-478A-A1B3-9CA8940CA4C9}.Debug|Any CPU.ActiveCfg = Debug|Any CPU
		{8123BB5D-1DEB-478A-A1B3-9CA8940CA4C9}.Debug|Any CPU.Build.0 = Debug|Any CPU
		{8123BB5D-1DEB-478A-A1B3-9CA8940CA4C9}.Debug|Mixed Platforms.ActiveCfg = Debug|Any CPU
		{8123BB5D-1DEB-478A-A1B3-9CA8940CA4C9}.Debug|Mixed Platforms.Build.0 = Debug|Any CPU
		{8123BB5D-1DEB-478A-A1B3-9CA8940CA4C9}.Debug|x86.ActiveCfg = Debug|Any CPU
		{8123BB5D-1DEB-478A-A1B3-9CA8940CA4C9}.Release|Any CPU.ActiveCfg = Release|Any CPU
		{8123BB5D-1DEB-478A-A1B3-9CA8940CA4C9}.Release|Any CPU.Build.0 = Release|Any CPU
		{8123BB5D-1DEB-478A-A1B3-9CA8940CA4C9}.Release|Mixed Platforms.ActiveCfg = Release|Any CPU
		{8123BB5D-1DEB-478A-A1B3-9CA8940CA4C9}.Release|Mixed Platforms.Build.0 = Release|Any CPU
		{8123BB5D-1DEB-478A-A1B3-9CA8940CA4C9}.Release|x86.ActiveCfg = Release|Any CPU
		{8123BB5D-1DEB-478A-A1B3-9CA8940CA4C9}.Signed Release|Any CPU.ActiveCfg = Signed Release|Any CPU
		{8123BB5D-1DEB-478A-A1B3-9CA8940CA4C9}.Signed Release|Any CPU.Build.0 = Signed Release|Any CPU
		{8123BB5D-1DEB-478A-A1B3-9CA8940CA4C9}.Signed Release|Mixed Platforms.ActiveCfg = Signed Release|Any CPU
		{8123BB5D-1DEB-478A-A1B3-9CA8940CA4C9}.Signed Release|Mixed Platforms.Build.0 = Signed Release|Any CPU
		{8123BB5D-1DEB-478A-A1B3-9CA8940CA4C9}.Signed Release|x86.ActiveCfg = Signed Release|Any CPU
		{F7EFF3ED-61FE-4E0F-8657-0A6FB263F764}.Debug|Any CPU.ActiveCfg = Debug|Any CPU
		{F7EFF3ED-61FE-4E0F-8657-0A6FB263F764}.Debug|Any CPU.Build.0 = Debug|Any CPU
		{F7EFF3ED-61FE-4E0F-8657-0A6FB263F764}.Debug|Mixed Platforms.ActiveCfg = Debug|Any CPU
		{F7EFF3ED-61FE-4E0F-8657-0A6FB263F764}.Debug|Mixed Platforms.Build.0 = Debug|Any CPU
		{F7EFF3ED-61FE-4E0F-8657-0A6FB263F764}.Debug|x86.ActiveCfg = Debug|Any CPU
		{F7EFF3ED-61FE-4E0F-8657-0A6FB263F764}.Release|Any CPU.ActiveCfg = Release|Any CPU
		{F7EFF3ED-61FE-4E0F-8657-0A6FB263F764}.Release|Any CPU.Build.0 = Release|Any CPU
		{F7EFF3ED-61FE-4E0F-8657-0A6FB263F764}.Release|Mixed Platforms.ActiveCfg = Release|Any CPU
		{F7EFF3ED-61FE-4E0F-8657-0A6FB263F764}.Release|Mixed Platforms.Build.0 = Release|Any CPU
		{F7EFF3ED-61FE-4E0F-8657-0A6FB263F764}.Release|x86.ActiveCfg = Release|Any CPU
		{F7EFF3ED-61FE-4E0F-8657-0A6FB263F764}.Signed Release|Any CPU.ActiveCfg = Signed Release|Any CPU
		{F7EFF3ED-61FE-4E0F-8657-0A6FB263F764}.Signed Release|Any CPU.Build.0 = Signed Release|Any CPU
		{F7EFF3ED-61FE-4E0F-8657-0A6FB263F764}.Signed Release|Mixed Platforms.ActiveCfg = Signed Release|Any CPU
		{F7EFF3ED-61FE-4E0F-8657-0A6FB263F764}.Signed Release|Mixed Platforms.Build.0 = Signed Release|Any CPU
		{F7EFF3ED-61FE-4E0F-8657-0A6FB263F764}.Signed Release|x86.ActiveCfg = Signed Release|Any CPU
		{BC9407FE-A661-4DFE-8B24-D2E2F450743F}.Debug|Any CPU.ActiveCfg = Debug|Any CPU
		{BC9407FE-A661-4DFE-8B24-D2E2F450743F}.Debug|Any CPU.Build.0 = Debug|Any CPU
		{BC9407FE-A661-4DFE-8B24-D2E2F450743F}.Debug|Mixed Platforms.ActiveCfg = Debug|Any CPU
		{BC9407FE-A661-4DFE-8B24-D2E2F450743F}.Debug|Mixed Platforms.Build.0 = Debug|Any CPU
		{BC9407FE-A661-4DFE-8B24-D2E2F450743F}.Debug|x86.ActiveCfg = Debug|Any CPU
		{BC9407FE-A661-4DFE-8B24-D2E2F450743F}.Release|Any CPU.ActiveCfg = Release|Any CPU
		{BC9407FE-A661-4DFE-8B24-D2E2F450743F}.Release|Any CPU.Build.0 = Release|Any CPU
		{BC9407FE-A661-4DFE-8B24-D2E2F450743F}.Release|Mixed Platforms.ActiveCfg = Release|Any CPU
		{BC9407FE-A661-4DFE-8B24-D2E2F450743F}.Release|Mixed Platforms.Build.0 = Release|Any CPU
		{BC9407FE-A661-4DFE-8B24-D2E2F450743F}.Release|x86.ActiveCfg = Release|Any CPU
		{BC9407FE-A661-4DFE-8B24-D2E2F450743F}.Signed Release|Any CPU.ActiveCfg = Signed Release|Any CPU
		{BC9407FE-A661-4DFE-8B24-D2E2F450743F}.Signed Release|Any CPU.Build.0 = Signed Release|Any CPU
		{BC9407FE-A661-4DFE-8B24-D2E2F450743F}.Signed Release|Mixed Platforms.ActiveCfg = Signed Release|Any CPU
		{BC9407FE-A661-4DFE-8B24-D2E2F450743F}.Signed Release|Mixed Platforms.Build.0 = Signed Release|Any CPU
		{BC9407FE-A661-4DFE-8B24-D2E2F450743F}.Signed Release|x86.ActiveCfg = Signed Release|Any CPU
		{1002B6E1-294B-4475-8E8A-8D51B0A2E332}.Debug|Any CPU.ActiveCfg = Debug|x86
		{1002B6E1-294B-4475-8E8A-8D51B0A2E332}.Debug|Mixed Platforms.ActiveCfg = Debug|x86
		{1002B6E1-294B-4475-8E8A-8D51B0A2E332}.Debug|Mixed Platforms.Build.0 = Debug|x86
		{1002B6E1-294B-4475-8E8A-8D51B0A2E332}.Debug|x86.ActiveCfg = Debug|x86
		{1002B6E1-294B-4475-8E8A-8D51B0A2E332}.Debug|x86.Build.0 = Debug|x86
		{1002B6E1-294B-4475-8E8A-8D51B0A2E332}.Release|Any CPU.ActiveCfg = Release|x86
		{1002B6E1-294B-4475-8E8A-8D51B0A2E332}.Release|Mixed Platforms.ActiveCfg = Release|x86
		{1002B6E1-294B-4475-8E8A-8D51B0A2E332}.Release|Mixed Platforms.Build.0 = Release|x86
		{1002B6E1-294B-4475-8E8A-8D51B0A2E332}.Release|x86.ActiveCfg = Release|x86
		{1002B6E1-294B-4475-8E8A-8D51B0A2E332}.Release|x86.Build.0 = Release|x86
		{1002B6E1-294B-4475-8E8A-8D51B0A2E332}.Signed Release|Any CPU.ActiveCfg = Signed Release|x86
		{1002B6E1-294B-4475-8E8A-8D51B0A2E332}.Signed Release|Mixed Platforms.ActiveCfg = Signed Release|x86
		{1002B6E1-294B-4475-8E8A-8D51B0A2E332}.Signed Release|Mixed Platforms.Build.0 = Signed Release|x86
		{1002B6E1-294B-4475-8E8A-8D51B0A2E332}.Signed Release|x86.ActiveCfg = Signed Release|x86
		{1002B6E1-294B-4475-8E8A-8D51B0A2E332}.Signed Release|x86.Build.0 = Signed Release|x86
		{A9A2C498-FA61-4495-9953-16D56F8478F3}.Debug|Any CPU.ActiveCfg = Debug|Any CPU
		{A9A2C498-FA61-4495-9953-16D56F8478F3}.Debug|Any CPU.Build.0 = Debug|Any CPU
		{A9A2C498-FA61-4495-9953-16D56F8478F3}.Debug|Mixed Platforms.ActiveCfg = Debug|Any CPU
		{A9A2C498-FA61-4495-9953-16D56F8478F3}.Debug|Mixed Platforms.Build.0 = Debug|Any CPU
		{A9A2C498-FA61-4495-9953-16D56F8478F3}.Debug|x86.ActiveCfg = Debug|Any CPU
		{A9A2C498-FA61-4495-9953-16D56F8478F3}.Release|Any CPU.ActiveCfg = Release|Any CPU
		{A9A2C498-FA61-4495-9953-16D56F8478F3}.Release|Any CPU.Build.0 = Release|Any CPU
		{A9A2C498-FA61-4495-9953-16D56F8478F3}.Release|Mixed Platforms.ActiveCfg = Release|Any CPU
		{A9A2C498-FA61-4495-9953-16D56F8478F3}.Release|Mixed Platforms.Build.0 = Release|Any CPU
		{A9A2C498-FA61-4495-9953-16D56F8478F3}.Release|x86.ActiveCfg = Release|Any CPU
		{A9A2C498-FA61-4495-9953-16D56F8478F3}.Signed Release|Any CPU.ActiveCfg = Signed Release|Any CPU
		{A9A2C498-FA61-4495-9953-16D56F8478F3}.Signed Release|Any CPU.Build.0 = Signed Release|Any CPU
		{A9A2C498-FA61-4495-9953-16D56F8478F3}.Signed Release|Mixed Platforms.ActiveCfg = Signed Release|Any CPU
		{A9A2C498-FA61-4495-9953-16D56F8478F3}.Signed Release|Mixed Platforms.Build.0 = Signed Release|Any CPU
		{A9A2C498-FA61-4495-9953-16D56F8478F3}.Signed Release|x86.ActiveCfg = Signed Release|Any CPU
		{DA5AF694-C7DF-4989-947D-355C4C5F912B}.Debug|Any CPU.ActiveCfg = Debug|Any CPU
		{DA5AF694-C7DF-4989-947D-355C4C5F912B}.Debug|Any CPU.Build.0 = Debug|Any CPU
		{DA5AF694-C7DF-4989-947D-355C4C5F912B}.Debug|Mixed Platforms.ActiveCfg = Debug|Any CPU
		{DA5AF694-C7DF-4989-947D-355C4C5F912B}.Debug|Mixed Platforms.Build.0 = Debug|Any CPU
		{DA5AF694-C7DF-4989-947D-355C4C5F912B}.Debug|x86.ActiveCfg = Debug|Any CPU
		{DA5AF694-C7DF-4989-947D-355C4C5F912B}.Release|Any CPU.ActiveCfg = Release|Any CPU
		{DA5AF694-C7DF-4989-947D-355C4C5F912B}.Release|Any CPU.Build.0 = Release|Any CPU
		{DA5AF694-C7DF-4989-947D-355C4C5F912B}.Release|Mixed Platforms.ActiveCfg = Release|Any CPU
		{DA5AF694-C7DF-4989-947D-355C4C5F912B}.Release|Mixed Platforms.Build.0 = Release|Any CPU
		{DA5AF694-C7DF-4989-947D-355C4C5F912B}.Release|x86.ActiveCfg = Release|Any CPU
		{DA5AF694-C7DF-4989-947D-355C4C5F912B}.Signed Release|Any CPU.ActiveCfg = Signed Release|Any CPU
		{DA5AF694-C7DF-4989-947D-355C4C5F912B}.Signed Release|Any CPU.Build.0 = Signed Release|Any CPU
		{DA5AF694-C7DF-4989-947D-355C4C5F912B}.Signed Release|Mixed Platforms.ActiveCfg = Signed Release|Any CPU
		{DA5AF694-C7DF-4989-947D-355C4C5F912B}.Signed Release|Mixed Platforms.Build.0 = Signed Release|Any CPU
		{DA5AF694-C7DF-4989-947D-355C4C5F912B}.Signed Release|x86.ActiveCfg = Signed Release|Any CPU
	EndGlobalSection
	GlobalSection(SolutionProperties) = preSolution
		HideSolutionNode = FALSE
	EndGlobalSection
	GlobalSection(MercurialSourceControlSolutionProperties) = preSolution
		SolutionIsControlled = True
		SolutionBindings = <Solution Location In Database>
	EndGlobalSection
EndGlobal
