
Microsoft Visual Studio Solution File, Format Version 12.00
# Visual Studio 2013
VisualStudioVersion = 12.0.30110.0
MinimumVisualStudioVersion = 10.0.40219.1
Project("{FAE04EC0-301F-11D3-BF4B-00C04F79EFBC}") = "NodaTime", "NodaTime\NodaTime.csproj", "{42B687A6-0F76-4638-A372-161C922A998B}"
EndProject
Project("{FAE04EC0-301F-11D3-BF4B-00C04F79EFBC}") = "NodaTime.Cldr", "NodaTime.Cldr\NodaTime.Cldr.csproj", "{00424F6B-51D5-48CA-AA28-A2EA39A901BA}"
EndProject
Project("{FAE04EC0-301F-11D3-BF4B-00C04F79EFBC}") = "NodaTime.Cldr.Test", "NodaTime.Cldr.Test\NodaTime.Cldr.Test.csproj", "{C8BC8B75-8B3F-480E-927D-2BA70BE6B739}"
EndProject
Project("{FAE04EC0-301F-11D3-BF4B-00C04F79EFBC}") = "NodaTime.Cldr.DataConverter", "NodaTime.Cldr.DataConverter\NodaTime.Cldr.DataConverter.csproj", "{B259C822-C4BB-42F5-A6F6-3132CAFD4B56}"
EndProject
Project("{FAE04EC0-301F-11D3-BF4B-00C04F79EFBC}") = "NodaTime.Cldr.DataConverter.Test", "NodaTime.Cldr.DataConverter.Test\NodaTime.Cldr.DataConverter.Test.csproj", "{B5CF5416-F282-4B27-BD44-D33ECD354EDF}"
EndProject
Global
	GlobalSection(SolutionConfigurationPlatforms) = preSolution
		Debug Portable|Any CPU = Debug Portable|Any CPU
		Debug Portable|Mixed Platforms = Debug Portable|Mixed Platforms
		Debug Portable|x86 = Debug Portable|x86
		Debug|Any CPU = Debug|Any CPU
		Debug|Mixed Platforms = Debug|Mixed Platforms
		Debug|x86 = Debug|x86
		Release Portable|Any CPU = Release Portable|Any CPU
		Release Portable|Mixed Platforms = Release Portable|Mixed Platforms
		Release Portable|x86 = Release Portable|x86
		Release|Any CPU = Release|Any CPU
		Release|Mixed Platforms = Release|Mixed Platforms
		Release|x86 = Release|x86
		Signed Release Portable|Any CPU = Signed Release Portable|Any CPU
		Signed Release Portable|Mixed Platforms = Signed Release Portable|Mixed Platforms
		Signed Release Portable|x86 = Signed Release Portable|x86
		Signed Release|Any CPU = Signed Release|Any CPU
		Signed Release|Mixed Platforms = Signed Release|Mixed Platforms
		Signed Release|x86 = Signed Release|x86
	EndGlobalSection
	GlobalSection(ProjectConfigurationPlatforms) = postSolution
		{42B687A6-0F76-4638-A372-161C922A998B}.Debug Portable|Any CPU.ActiveCfg = Debug Portable|Any CPU
		{42B687A6-0F76-4638-A372-161C922A998B}.Debug Portable|Any CPU.Build.0 = Debug Portable|Any CPU
		{42B687A6-0F76-4638-A372-161C922A998B}.Debug Portable|Mixed Platforms.ActiveCfg = Debug Portable|Any CPU
		{42B687A6-0F76-4638-A372-161C922A998B}.Debug Portable|Mixed Platforms.Build.0 = Debug Portable|Any CPU
		{42B687A6-0F76-4638-A372-161C922A998B}.Debug Portable|x86.ActiveCfg = Debug Portable|Any CPU
		{42B687A6-0F76-4638-A372-161C922A998B}.Debug|Any CPU.ActiveCfg = Debug|Any CPU
		{42B687A6-0F76-4638-A372-161C922A998B}.Debug|Any CPU.Build.0 = Debug|Any CPU
		{42B687A6-0F76-4638-A372-161C922A998B}.Debug|Mixed Platforms.ActiveCfg = Debug|Any CPU
		{42B687A6-0F76-4638-A372-161C922A998B}.Debug|Mixed Platforms.Build.0 = Debug|Any CPU
		{42B687A6-0F76-4638-A372-161C922A998B}.Debug|x86.ActiveCfg = Debug|Any CPU
		{42B687A6-0F76-4638-A372-161C922A998B}.Release Portable|Any CPU.ActiveCfg = Release Portable|Any CPU
		{42B687A6-0F76-4638-A372-161C922A998B}.Release Portable|Any CPU.Build.0 = Release Portable|Any CPU
		{42B687A6-0F76-4638-A372-161C922A998B}.Release Portable|Mixed Platforms.ActiveCfg = Release Portable|Any CPU
		{42B687A6-0F76-4638-A372-161C922A998B}.Release Portable|Mixed Platforms.Build.0 = Release Portable|Any CPU
		{42B687A6-0F76-4638-A372-161C922A998B}.Release Portable|x86.ActiveCfg = Release Portable|Any CPU
		{42B687A6-0F76-4638-A372-161C922A998B}.Release|Any CPU.ActiveCfg = Release|Any CPU
		{42B687A6-0F76-4638-A372-161C922A998B}.Release|Any CPU.Build.0 = Release|Any CPU
		{42B687A6-0F76-4638-A372-161C922A998B}.Release|Mixed Platforms.ActiveCfg = Release|Any CPU
		{42B687A6-0F76-4638-A372-161C922A998B}.Release|Mixed Platforms.Build.0 = Release|Any CPU
		{42B687A6-0F76-4638-A372-161C922A998B}.Release|x86.ActiveCfg = Release|Any CPU
		{42B687A6-0F76-4638-A372-161C922A998B}.Signed Release Portable|Any CPU.ActiveCfg = Signed Release Portable|Any CPU
		{42B687A6-0F76-4638-A372-161C922A998B}.Signed Release Portable|Any CPU.Build.0 = Signed Release Portable|Any CPU
		{42B687A6-0F76-4638-A372-161C922A998B}.Signed Release Portable|Mixed Platforms.ActiveCfg = Signed Release Portable|Any CPU
		{42B687A6-0F76-4638-A372-161C922A998B}.Signed Release Portable|Mixed Platforms.Build.0 = Signed Release Portable|Any CPU
		{42B687A6-0F76-4638-A372-161C922A998B}.Signed Release Portable|x86.ActiveCfg = Signed Release Portable|Any CPU
		{42B687A6-0F76-4638-A372-161C922A998B}.Signed Release|Any CPU.ActiveCfg = Signed Release|Any CPU
		{42B687A6-0F76-4638-A372-161C922A998B}.Signed Release|Any CPU.Build.0 = Signed Release|Any CPU
		{42B687A6-0F76-4638-A372-161C922A998B}.Signed Release|Mixed Platforms.ActiveCfg = Signed Release|Any CPU
		{42B687A6-0F76-4638-A372-161C922A998B}.Signed Release|Mixed Platforms.Build.0 = Signed Release|Any CPU
		{42B687A6-0F76-4638-A372-161C922A998B}.Signed Release|x86.ActiveCfg = Signed Release|Any CPU
		{00424F6B-51D5-48CA-AA28-A2EA39A901BA}.Debug Portable|Any CPU.ActiveCfg = Debug|Any CPU
		{00424F6B-51D5-48CA-AA28-A2EA39A901BA}.Debug Portable|Any CPU.Build.0 = Debug|Any CPU
		{00424F6B-51D5-48CA-AA28-A2EA39A901BA}.Debug Portable|Mixed Platforms.ActiveCfg = Debug Portable|Any CPU
		{00424F6B-51D5-48CA-AA28-A2EA39A901BA}.Debug Portable|Mixed Platforms.Build.0 = Debug Portable|Any CPU
		{00424F6B-51D5-48CA-AA28-A2EA39A901BA}.Debug Portable|x86.ActiveCfg = Debug|Any CPU
		{00424F6B-51D5-48CA-AA28-A2EA39A901BA}.Debug|Any CPU.ActiveCfg = Debug|Any CPU
		{00424F6B-51D5-48CA-AA28-A2EA39A901BA}.Debug|Any CPU.Build.0 = Debug|Any CPU
		{00424F6B-51D5-48CA-AA28-A2EA39A901BA}.Debug|Mixed Platforms.ActiveCfg = Debug|Any CPU
		{00424F6B-51D5-48CA-AA28-A2EA39A901BA}.Debug|Mixed Platforms.Build.0 = Debug|Any CPU
		{00424F6B-51D5-48CA-AA28-A2EA39A901BA}.Debug|x86.ActiveCfg = Debug|Any CPU
		{00424F6B-51D5-48CA-AA28-A2EA39A901BA}.Release Portable|Any CPU.ActiveCfg = Release|Any CPU
		{00424F6B-51D5-48CA-AA28-A2EA39A901BA}.Release Portable|Any CPU.Build.0 = Release|Any CPU
		{00424F6B-51D5-48CA-AA28-A2EA39A901BA}.Release Portable|Mixed Platforms.ActiveCfg = Release Portable|Any CPU
		{00424F6B-51D5-48CA-AA28-A2EA39A901BA}.Release Portable|Mixed Platforms.Build.0 = Release Portable|Any CPU
		{00424F6B-51D5-48CA-AA28-A2EA39A901BA}.Release Portable|x86.ActiveCfg = Release|Any CPU
		{00424F6B-51D5-48CA-AA28-A2EA39A901BA}.Release|Any CPU.ActiveCfg = Release|Any CPU
		{00424F6B-51D5-48CA-AA28-A2EA39A901BA}.Release|Any CPU.Build.0 = Release|Any CPU
		{00424F6B-51D5-48CA-AA28-A2EA39A901BA}.Release|Mixed Platforms.ActiveCfg = Release|Any CPU
		{00424F6B-51D5-48CA-AA28-A2EA39A901BA}.Release|Mixed Platforms.Build.0 = Release|Any CPU
		{00424F6B-51D5-48CA-AA28-A2EA39A901BA}.Release|x86.ActiveCfg = Release|Any CPU
		{00424F6B-51D5-48CA-AA28-A2EA39A901BA}.Signed Release Portable|Any CPU.ActiveCfg = Release|Any CPU
		{00424F6B-51D5-48CA-AA28-A2EA39A901BA}.Signed Release Portable|Any CPU.Build.0 = Release|Any CPU
		{00424F6B-51D5-48CA-AA28-A2EA39A901BA}.Signed Release Portable|Mixed Platforms.ActiveCfg = Signed Release Portable|Any CPU
		{00424F6B-51D5-48CA-AA28-A2EA39A901BA}.Signed Release Portable|Mixed Platforms.Build.0 = Signed Release Portable|Any CPU
		{00424F6B-51D5-48CA-AA28-A2EA39A901BA}.Signed Release Portable|x86.ActiveCfg = Release|Any CPU
		{00424F6B-51D5-48CA-AA28-A2EA39A901BA}.Signed Release|Any CPU.ActiveCfg = Release|Any CPU
		{00424F6B-51D5-48CA-AA28-A2EA39A901BA}.Signed Release|Any CPU.Build.0 = Release|Any CPU
		{00424F6B-51D5-48CA-AA28-A2EA39A901BA}.Signed Release|Mixed Platforms.ActiveCfg = Signed Release|Any CPU
		{00424F6B-51D5-48CA-AA28-A2EA39A901BA}.Signed Release|Mixed Platforms.Build.0 = Signed Release|Any CPU
		{00424F6B-51D5-48CA-AA28-A2EA39A901BA}.Signed Release|x86.ActiveCfg = Release|Any CPU
		{C8BC8B75-8B3F-480E-927D-2BA70BE6B739}.Debug Portable|Any CPU.ActiveCfg = Debug|Any CPU
		{C8BC8B75-8B3F-480E-927D-2BA70BE6B739}.Debug Portable|Any CPU.Build.0 = Debug|Any CPU
		{C8BC8B75-8B3F-480E-927D-2BA70BE6B739}.Debug Portable|Mixed Platforms.ActiveCfg = Debug Portable|Any CPU
		{C8BC8B75-8B3F-480E-927D-2BA70BE6B739}.Debug Portable|Mixed Platforms.Build.0 = Debug Portable|Any CPU
		{C8BC8B75-8B3F-480E-927D-2BA70BE6B739}.Debug Portable|x86.ActiveCfg = Debug|Any CPU
		{C8BC8B75-8B3F-480E-927D-2BA70BE6B739}.Debug|Any CPU.ActiveCfg = Debug|Any CPU
		{C8BC8B75-8B3F-480E-927D-2BA70BE6B739}.Debug|Any CPU.Build.0 = Debug|Any CPU
		{C8BC8B75-8B3F-480E-927D-2BA70BE6B739}.Debug|Mixed Platforms.ActiveCfg = Debug|Any CPU
		{C8BC8B75-8B3F-480E-927D-2BA70BE6B739}.Debug|Mixed Platforms.Build.0 = Debug|Any CPU
		{C8BC8B75-8B3F-480E-927D-2BA70BE6B739}.Debug|x86.ActiveCfg = Debug|Any CPU
		{C8BC8B75-8B3F-480E-927D-2BA70BE6B739}.Release Portable|Any CPU.ActiveCfg = Release|Any CPU
		{C8BC8B75-8B3F-480E-927D-2BA70BE6B739}.Release Portable|Any CPU.Build.0 = Release|Any CPU
		{C8BC8B75-8B3F-480E-927D-2BA70BE6B739}.Release Portable|Mixed Platforms.ActiveCfg = Release Portable|Any CPU
		{C8BC8B75-8B3F-480E-927D-2BA70BE6B739}.Release Portable|Mixed Platforms.Build.0 = Release Portable|Any CPU
		{C8BC8B75-8B3F-480E-927D-2BA70BE6B739}.Release Portable|x86.ActiveCfg = Release|Any CPU
		{C8BC8B75-8B3F-480E-927D-2BA70BE6B739}.Release|Any CPU.ActiveCfg = Release|Any CPU
		{C8BC8B75-8B3F-480E-927D-2BA70BE6B739}.Release|Any CPU.Build.0 = Release|Any CPU
		{C8BC8B75-8B3F-480E-927D-2BA70BE6B739}.Release|Mixed Platforms.ActiveCfg = Release|Any CPU
		{C8BC8B75-8B3F-480E-927D-2BA70BE6B739}.Release|Mixed Platforms.Build.0 = Release|Any CPU
		{C8BC8B75-8B3F-480E-927D-2BA70BE6B739}.Release|x86.ActiveCfg = Release|Any CPU
		{C8BC8B75-8B3F-480E-927D-2BA70BE6B739}.Signed Release Portable|Any CPU.ActiveCfg = Release|Any CPU
		{C8BC8B75-8B3F-480E-927D-2BA70BE6B739}.Signed Release Portable|Any CPU.Build.0 = Release|Any CPU
		{C8BC8B75-8B3F-480E-927D-2BA70BE6B739}.Signed Release Portable|Mixed Platforms.ActiveCfg = Signed Release Portable|Any CPU
		{C8BC8B75-8B3F-480E-927D-2BA70BE6B739}.Signed Release Portable|Mixed Platforms.Build.0 = Signed Release Portable|Any CPU
		{C8BC8B75-8B3F-480E-927D-2BA70BE6B739}.Signed Release Portable|x86.ActiveCfg = Release|Any CPU
		{C8BC8B75-8B3F-480E-927D-2BA70BE6B739}.Signed Release|Any CPU.ActiveCfg = Release|Any CPU
		{C8BC8B75-8B3F-480E-927D-2BA70BE6B739}.Signed Release|Any CPU.Build.0 = Release|Any CPU
		{C8BC8B75-8B3F-480E-927D-2BA70BE6B739}.Signed Release|Mixed Platforms.ActiveCfg = Signed Release|Any CPU
		{C8BC8B75-8B3F-480E-927D-2BA70BE6B739}.Signed Release|Mixed Platforms.Build.0 = Signed Release|Any CPU
		{C8BC8B75-8B3F-480E-927D-2BA70BE6B739}.Signed Release|x86.ActiveCfg = Release|Any CPU
		{B259C822-C4BB-42F5-A6F6-3132CAFD4B56}.Debug Portable|Any CPU.ActiveCfg = Debug|Any CPU
		{B259C822-C4BB-42F5-A6F6-3132CAFD4B56}.Debug Portable|Any CPU.Build.0 = Debug|Any CPU
		{B259C822-C4BB-42F5-A6F6-3132CAFD4B56}.Debug Portable|Mixed Platforms.ActiveCfg = Debug|Any CPU
		{B259C822-C4BB-42F5-A6F6-3132CAFD4B56}.Debug Portable|x86.ActiveCfg = Debug|Any CPU
		{B259C822-C4BB-42F5-A6F6-3132CAFD4B56}.Debug|Any CPU.ActiveCfg = Debug|Any CPU
		{B259C822-C4BB-42F5-A6F6-3132CAFD4B56}.Debug|Any CPU.Build.0 = Debug|Any CPU
		{B259C822-C4BB-42F5-A6F6-3132CAFD4B56}.Debug|Mixed Platforms.ActiveCfg = Debug|Any CPU
		{B259C822-C4BB-42F5-A6F6-3132CAFD4B56}.Debug|Mixed Platforms.Build.0 = Debug|Any CPU
		{B259C822-C4BB-42F5-A6F6-3132CAFD4B56}.Debug|x86.ActiveCfg = Debug|Any CPU
		{B259C822-C4BB-42F5-A6F6-3132CAFD4B56}.Release Portable|Any CPU.ActiveCfg = Release|Any CPU
		{B259C822-C4BB-42F5-A6F6-3132CAFD4B56}.Release Portable|Any CPU.Build.0 = Release|Any CPU
		{B259C822-C4BB-42F5-A6F6-3132CAFD4B56}.Release Portable|Mixed Platforms.ActiveCfg = Release|Any CPU
		{B259C822-C4BB-42F5-A6F6-3132CAFD4B56}.Release Portable|x86.ActiveCfg = Release|Any CPU
		{B259C822-C4BB-42F5-A6F6-3132CAFD4B56}.Release|Any CPU.ActiveCfg = Release|Any CPU
		{B259C822-C4BB-42F5-A6F6-3132CAFD4B56}.Release|Any CPU.Build.0 = Release|Any CPU
		{B259C822-C4BB-42F5-A6F6-3132CAFD4B56}.Release|Mixed Platforms.ActiveCfg = Release|Any CPU
		{B259C822-C4BB-42F5-A6F6-3132CAFD4B56}.Release|Mixed Platforms.Build.0 = Release|Any CPU
		{B259C822-C4BB-42F5-A6F6-3132CAFD4B56}.Release|x86.ActiveCfg = Release|Any CPU
		{B259C822-C4BB-42F5-A6F6-3132CAFD4B56}.Signed Release Portable|Any CPU.ActiveCfg = Release|Any CPU
		{B259C822-C4BB-42F5-A6F6-3132CAFD4B56}.Signed Release Portable|Any CPU.Build.0 = Release|Any CPU
		{B259C822-C4BB-42F5-A6F6-3132CAFD4B56}.Signed Release Portable|Mixed Platforms.ActiveCfg = Release|Any CPU
		{B259C822-C4BB-42F5-A6F6-3132CAFD4B56}.Signed Release Portable|Mixed Platforms.Build.0 = Release|Any CPU
		{B259C822-C4BB-42F5-A6F6-3132CAFD4B56}.Signed Release Portable|x86.ActiveCfg = Release|Any CPU
		{B259C822-C4BB-42F5-A6F6-3132CAFD4B56}.Signed Release|Any CPU.ActiveCfg = Release|Any CPU
		{B259C822-C4BB-42F5-A6F6-3132CAFD4B56}.Signed Release|Any CPU.Build.0 = Release|Any CPU
		{B259C822-C4BB-42F5-A6F6-3132CAFD4B56}.Signed Release|Mixed Platforms.ActiveCfg = Signed Release|Any CPU
		{B259C822-C4BB-42F5-A6F6-3132CAFD4B56}.Signed Release|Mixed Platforms.Build.0 = Signed Release|Any CPU
		{B259C822-C4BB-42F5-A6F6-3132CAFD4B56}.Signed Release|x86.ActiveCfg = Release|Any CPU
		{B5CF5416-F282-4B27-BD44-D33ECD354EDF}.Debug Portable|Any CPU.ActiveCfg = Debug|Any CPU
		{B5CF5416-F282-4B27-BD44-D33ECD354EDF}.Debug Portable|Any CPU.Build.0 = Debug|Any CPU
		{B5CF5416-F282-4B27-BD44-D33ECD354EDF}.Debug Portable|Mixed Platforms.ActiveCfg = Debug|Any CPU
		{B5CF5416-F282-4B27-BD44-D33ECD354EDF}.Debug Portable|Mixed Platforms.Build.0 = Debug|Any CPU
		{B5CF5416-F282-4B27-BD44-D33ECD354EDF}.Debug Portable|x86.ActiveCfg = Debug|Any CPU
		{B5CF5416-F282-4B27-BD44-D33ECD354EDF}.Debug|Any CPU.ActiveCfg = Debug|Any CPU
		{B5CF5416-F282-4B27-BD44-D33ECD354EDF}.Debug|Any CPU.Build.0 = Debug|Any CPU
		{B5CF5416-F282-4B27-BD44-D33ECD354EDF}.Debug|Mixed Platforms.ActiveCfg = Debug|Any CPU
		{B5CF5416-F282-4B27-BD44-D33ECD354EDF}.Debug|Mixed Platforms.Build.0 = Debug|Any CPU
		{B5CF5416-F282-4B27-BD44-D33ECD354EDF}.Debug|x86.ActiveCfg = Debug|Any CPU
		{B5CF5416-F282-4B27-BD44-D33ECD354EDF}.Release Portable|Any CPU.ActiveCfg = Release|Any CPU
		{B5CF5416-F282-4B27-BD44-D33ECD354EDF}.Release Portable|Any CPU.Build.0 = Release|Any CPU
		{B5CF5416-F282-4B27-BD44-D33ECD354EDF}.Release Portable|Mixed Platforms.ActiveCfg = Release|Any CPU
		{B5CF5416-F282-4B27-BD44-D33ECD354EDF}.Release Portable|Mixed Platforms.Build.0 = Release|Any CPU
		{B5CF5416-F282-4B27-BD44-D33ECD354EDF}.Release Portable|x86.ActiveCfg = Release|Any CPU
		{B5CF5416-F282-4B27-BD44-D33ECD354EDF}.Release|Any CPU.ActiveCfg = Release|Any CPU
		{B5CF5416-F282-4B27-BD44-D33ECD354EDF}.Release|Any CPU.Build.0 = Release|Any CPU
		{B5CF5416-F282-4B27-BD44-D33ECD354EDF}.Release|Mixed Platforms.ActiveCfg = Release|Any CPU
		{B5CF5416-F282-4B27-BD44-D33ECD354EDF}.Release|Mixed Platforms.Build.0 = Release|Any CPU
		{B5CF5416-F282-4B27-BD44-D33ECD354EDF}.Release|x86.ActiveCfg = Release|Any CPU
		{B5CF5416-F282-4B27-BD44-D33ECD354EDF}.Signed Release Portable|Any CPU.ActiveCfg = Release|Any CPU
		{B5CF5416-F282-4B27-BD44-D33ECD354EDF}.Signed Release Portable|Any CPU.Build.0 = Release|Any CPU
		{B5CF5416-F282-4B27-BD44-D33ECD354EDF}.Signed Release Portable|Mixed Platforms.ActiveCfg = Release|Any CPU
		{B5CF5416-F282-4B27-BD44-D33ECD354EDF}.Signed Release Portable|Mixed Platforms.Build.0 = Release|Any CPU
		{B5CF5416-F282-4B27-BD44-D33ECD354EDF}.Signed Release Portable|x86.ActiveCfg = Release|Any CPU
		{B5CF5416-F282-4B27-BD44-D33ECD354EDF}.Signed Release|Any CPU.ActiveCfg = Release|Any CPU
		{B5CF5416-F282-4B27-BD44-D33ECD354EDF}.Signed Release|Any CPU.Build.0 = Release|Any CPU
		{B5CF5416-F282-4B27-BD44-D33ECD354EDF}.Signed Release|Mixed Platforms.ActiveCfg = Signed Release|Any CPU
		{B5CF5416-F282-4B27-BD44-D33ECD354EDF}.Signed Release|Mixed Platforms.Build.0 = Signed Release|Any CPU
		{B5CF5416-F282-4B27-BD44-D33ECD354EDF}.Signed Release|x86.ActiveCfg = Release|Any CPU
	EndGlobalSection
	GlobalSection(SolutionProperties) = preSolution
		HideSolutionNode = FALSE
	EndGlobalSection
	GlobalSection(MercurialSourceControlSolutionProperties) = preSolution
		SolutionIsControlled = True
		SolutionBindings = <Solution Location In Database>
	EndGlobalSection
EndGlobal
