
Microsoft Visual Studio Solution File, Format Version 12.00
# Visual Studio 2012
Project("{FAE04EC0-301F-11D3-BF4B-00C04F79EFBC}") = "NodaTime", "NodaTime\NodaTime.csproj", "{42B687A6-0F76-4638-A372-161C922A998B}"
EndProject
Project("{FAE04EC0-301F-11D3-BF4B-00C04F79EFBC}") = "NodaTime.Serialization.JsonNet", "NodaTime.Serialization.JsonNet\NodaTime.Serialization.JsonNet.csproj", "{A9A2C498-FA61-4495-9953-16D56F8478F3}"
EndProject
Project("{2150E333-8FDC-42A3-9474-1A3956D46DE8}") = "docs", "docs", "{C452FFED-0A73-4F6D-ACD0-BB5D8341472E}"
EndProject
Project("{2150E333-8FDC-42A3-9474-1A3956D46DE8}") = "userguide", "userguide", "{337E7D32-BB93-44F0-A068-211DBF881482}"
EndProject
Project("{2150E333-8FDC-42A3-9474-1A3956D46DE8}") = "developer", "developer", "{BDE8EC72-803B-4D9F-A139-9F7694AF9EA3}"
EndProject
Project("{2150E333-8FDC-42A3-9474-1A3956D46DE8}") = "markdown", "markdown", "{AADC3115-B74E-43B5-A5E8-534E6622A4D1}"
	ProjectSection(SolutionItems) = preProject
		docs\userguide\markdown\arithmetic.txt = docs\userguide\markdown\arithmetic.txt
		docs\userguide\markdown\bcl-conversions.txt = docs\userguide\markdown\bcl-conversions.txt
		docs\userguide\markdown\concepts.txt = docs\userguide\markdown\concepts.txt
		docs\userguide\markdown\core-types.txt = docs\userguide\markdown\core-types.txt
		docs\userguide\markdown\design.txt = docs\userguide\markdown\design.txt
		docs\userguide\markdown\index.txt = docs\userguide\markdown\index.txt
		docs\userguide\markdown\installation.txt = docs\userguide\markdown\installation.txt
		docs\userguide\markdown\instant-patterns.txt = docs\userguide\markdown\instant-patterns.txt
		docs\userguide\markdown\limitations.txt = docs\userguide\markdown\limitations.txt
		docs\userguide\markdown\localdate-patterns.txt = docs\userguide\markdown\localdate-patterns.txt
		docs\userguide\markdown\localdatetime-patterns.txt = docs\userguide\markdown\localdatetime-patterns.txt
		docs\userguide\markdown\localtime-patterns.txt = docs\userguide\markdown\localtime-patterns.txt
		docs\userguide\markdown\mono.txt = docs\userguide\markdown\mono.txt
		docs\userguide\markdown\offset-patterns.txt = docs\userguide\markdown\offset-patterns.txt
		docs\userguide\markdown\period-patterns.txt = docs\userguide\markdown\period-patterns.txt
		docs\userguide\markdown\rationale.txt = docs\userguide\markdown\rationale.txt
		docs\userguide\markdown\roadmap.txt = docs\userguide\markdown\roadmap.txt
		docs\userguide\markdown\serialization.txt = docs\userguide\markdown\serialization.txt
		docs\userguide\markdown\template.html = docs\userguide\markdown\template.html
		docs\userguide\markdown\testing.txt = docs\userguide\markdown\testing.txt
		docs\userguide\markdown\text.txt = docs\userguide\markdown\text.txt
		docs\userguide\markdown\threading.txt = docs\userguide\markdown\threading.txt
		docs\userguide\markdown\type-choices.txt = docs\userguide\markdown\type-choices.txt
		docs\userguide\markdown\tzdb.txt = docs\userguide\markdown\tzdb.txt
		docs\userguide\markdown\versions.txt = docs\userguide\markdown\versions.txt
	EndProjectSection
EndProject
Project("{2150E333-8FDC-42A3-9474-1A3956D46DE8}") = "other", "other", "{85EE1025-A6F3-4A88-B21A-7CE04E0A5CFE}"
	ProjectSection(SolutionItems) = preProject
		docs\userguide\other\conversions.dia = docs\userguide\other\conversions.dia
	EndProjectSection
EndProject
Project("{2150E333-8FDC-42A3-9474-1A3956D46DE8}") = "raw", "raw", "{38F52529-6005-4034-A8B1-A4CC7552B2D3}"
	ProjectSection(SolutionItems) = preProject
		docs\userguide\raw\conversions.png = docs\userguide\raw\conversions.png
		docs\userguide\raw\prettify-COPYING = docs\userguide\raw\prettify-COPYING
		docs\userguide\raw\prettify.css = docs\userguide\raw\prettify.css
		docs\userguide\raw\prettify.js = docs\userguide\raw\prettify.js
		docs\userguide\raw\styles.css = docs\userguide\raw\styles.css
	EndProjectSection
EndProject
Project("{2150E333-8FDC-42A3-9474-1A3956D46DE8}") = "markdown", "markdown", "{78B0DE7D-4C07-45EC-899D-EE52975CCF55}"
	ProjectSection(SolutionItems) = preProject
		docs\developer\markdown\building.txt = docs\developer\markdown\building.txt
		docs\developer\markdown\coding-conventions.txt = docs\developer\markdown\coding-conventions.txt
		docs\developer\markdown\index.txt = docs\developer\markdown\index.txt
		docs\developer\markdown\release-process.txt = docs\developer\markdown\release-process.txt
		docs\developer\markdown\template.html = docs\developer\markdown\template.html
		docs\developer\markdown\tzdb-file-format.txt = docs\developer\markdown\tzdb-file-format.txt
	EndProjectSection
EndProject
Project("{2150E333-8FDC-42A3-9474-1A3956D46DE8}") = "raw", "raw", "{0A2E3772-A27A-4EFD-9B90-D118B118324D}"
	ProjectSection(SolutionItems) = preProject
		docs\developer\raw\prettify-COPYING = docs\developer\raw\prettify-COPYING
		docs\developer\raw\prettify.css = docs\developer\raw\prettify.css
		docs\developer\raw\prettify.js = docs\developer\raw\prettify.js
		docs\developer\raw\styles.css = docs\developer\raw\styles.css
	EndProjectSection
EndProject
Project("{FAE04EC0-301F-11D3-BF4B-00C04F79EFBC}") = "NodaTime.Testing", "NodaTime.Testing\NodaTime.Testing.csproj", "{BC9407FE-A661-4DFE-8B24-D2E2F450743F}"
EndProject
Global
	GlobalSection(SolutionConfigurationPlatforms) = preSolution
		Debug Portable|Any CPU = Debug Portable|Any CPU
		Debug Portable|Mixed Platforms = Debug Portable|Mixed Platforms
		Debug Portable|x86 = Debug Portable|x86
		Debug|Any CPU = Debug|Any CPU
		Debug|Mixed Platforms = Debug|Mixed Platforms
		Debug|x86 = Debug|x86
		Release Portable|Any CPU = Release Portable|Any CPU
		Release Portable|Mixed Platforms = Release Portable|Mixed Platforms
		Release Portable|x86 = Release Portable|x86
		Release|Any CPU = Release|Any CPU
		Release|Mixed Platforms = Release|Mixed Platforms
		Release|x86 = Release|x86
		Signed Release Portable|Any CPU = Signed Release Portable|Any CPU
		Signed Release Portable|Mixed Platforms = Signed Release Portable|Mixed Platforms
		Signed Release Portable|x86 = Signed Release Portable|x86
		Signed Release|Any CPU = Signed Release|Any CPU
		Signed Release|Mixed Platforms = Signed Release|Mixed Platforms
		Signed Release|x86 = Signed Release|x86
	EndGlobalSection
	GlobalSection(ProjectConfigurationPlatforms) = postSolution
		{42B687A6-0F76-4638-A372-161C922A998B}.Debug Portable|Any CPU.ActiveCfg = Debug Portable|Any CPU
		{42B687A6-0F76-4638-A372-161C922A998B}.Debug Portable|Any CPU.Build.0 = Debug Portable|Any CPU
		{42B687A6-0F76-4638-A372-161C922A998B}.Debug Portable|Mixed Platforms.ActiveCfg = Debug Portable|Any CPU
		{42B687A6-0F76-4638-A372-161C922A998B}.Debug Portable|Mixed Platforms.Build.0 = Debug Portable|Any CPU
		{42B687A6-0F76-4638-A372-161C922A998B}.Debug Portable|x86.ActiveCfg = Debug Portable|Any CPU
		{42B687A6-0F76-4638-A372-161C922A998B}.Debug|Any CPU.ActiveCfg = Debug|Any CPU
		{42B687A6-0F76-4638-A372-161C922A998B}.Debug|Any CPU.Build.0 = Debug|Any CPU
		{42B687A6-0F76-4638-A372-161C922A998B}.Debug|Mixed Platforms.ActiveCfg = Debug|Any CPU
		{42B687A6-0F76-4638-A372-161C922A998B}.Debug|Mixed Platforms.Build.0 = Debug|Any CPU
		{42B687A6-0F76-4638-A372-161C922A998B}.Debug|x86.ActiveCfg = Debug|Any CPU
		{42B687A6-0F76-4638-A372-161C922A998B}.Release Portable|Any CPU.ActiveCfg = Release Portable|Any CPU
		{42B687A6-0F76-4638-A372-161C922A998B}.Release Portable|Any CPU.Build.0 = Release Portable|Any CPU
		{42B687A6-0F76-4638-A372-161C922A998B}.Release Portable|Mixed Platforms.ActiveCfg = Release Portable|Any CPU
		{42B687A6-0F76-4638-A372-161C922A998B}.Release Portable|Mixed Platforms.Build.0 = Release Portable|Any CPU
		{42B687A6-0F76-4638-A372-161C922A998B}.Release Portable|x86.ActiveCfg = Release Portable|Any CPU
		{42B687A6-0F76-4638-A372-161C922A998B}.Release|Any CPU.ActiveCfg = Release|Any CPU
		{42B687A6-0F76-4638-A372-161C922A998B}.Release|Any CPU.Build.0 = Release|Any CPU
		{42B687A6-0F76-4638-A372-161C922A998B}.Release|Mixed Platforms.ActiveCfg = Release|Any CPU
		{42B687A6-0F76-4638-A372-161C922A998B}.Release|Mixed Platforms.Build.0 = Release|Any CPU
		{42B687A6-0F76-4638-A372-161C922A998B}.Release|x86.ActiveCfg = Release|Any CPU
		{42B687A6-0F76-4638-A372-161C922A998B}.Signed Release Portable|Any CPU.ActiveCfg = Signed Release Portable|Any CPU
		{42B687A6-0F76-4638-A372-161C922A998B}.Signed Release Portable|Any CPU.Build.0 = Signed Release Portable|Any CPU
		{42B687A6-0F76-4638-A372-161C922A998B}.Signed Release Portable|Mixed Platforms.ActiveCfg = Signed Release Portable|Any CPU
		{42B687A6-0F76-4638-A372-161C922A998B}.Signed Release Portable|Mixed Platforms.Build.0 = Signed Release Portable|Any CPU
		{42B687A6-0F76-4638-A372-161C922A998B}.Signed Release Portable|x86.ActiveCfg = Signed Release Portable|Any CPU
		{42B687A6-0F76-4638-A372-161C922A998B}.Signed Release|Any CPU.ActiveCfg = Signed Release|Any CPU
		{42B687A6-0F76-4638-A372-161C922A998B}.Signed Release|Any CPU.Build.0 = Signed Release|Any CPU
		{42B687A6-0F76-4638-A372-161C922A998B}.Signed Release|Mixed Platforms.ActiveCfg = Signed Release|Any CPU
		{42B687A6-0F76-4638-A372-161C922A998B}.Signed Release|Mixed Platforms.Build.0 = Signed Release|Any CPU
		{42B687A6-0F76-4638-A372-161C922A998B}.Signed Release|x86.ActiveCfg = Signed Release|Any CPU
		{A9A2C498-FA61-4495-9953-16D56F8478F3}.Debug Portable|Any CPU.ActiveCfg = Debug|Any CPU
		{A9A2C498-FA61-4495-9953-16D56F8478F3}.Debug Portable|Any CPU.Build.0 = Debug|Any CPU
		{A9A2C498-FA61-4495-9953-16D56F8478F3}.Debug Portable|Mixed Platforms.ActiveCfg = Debug|Any CPU
		{A9A2C498-FA61-4495-9953-16D56F8478F3}.Debug Portable|x86.ActiveCfg = Debug|Any CPU
		{A9A2C498-FA61-4495-9953-16D56F8478F3}.Debug|Any CPU.ActiveCfg = Debug|Any CPU
		{A9A2C498-FA61-4495-9953-16D56F8478F3}.Debug|Any CPU.Build.0 = Debug|Any CPU
		{A9A2C498-FA61-4495-9953-16D56F8478F3}.Debug|Mixed Platforms.ActiveCfg = Debug|Any CPU
		{A9A2C498-FA61-4495-9953-16D56F8478F3}.Debug|Mixed Platforms.Build.0 = Debug|Any CPU
		{A9A2C498-FA61-4495-9953-16D56F8478F3}.Debug|x86.ActiveCfg = Debug|Any CPU
		{A9A2C498-FA61-4495-9953-16D56F8478F3}.Release Portable|Any CPU.ActiveCfg = Release|Any CPU
		{A9A2C498-FA61-4495-9953-16D56F8478F3}.Release Portable|Any CPU.Build.0 = Release|Any CPU
		{A9A2C498-FA61-4495-9953-16D56F8478F3}.Release Portable|Mixed Platforms.ActiveCfg = Release|Any CPU
		{A9A2C498-FA61-4495-9953-16D56F8478F3}.Release Portable|x86.ActiveCfg = Release|Any CPU
		{A9A2C498-FA61-4495-9953-16D56F8478F3}.Release|Any CPU.ActiveCfg = Release|Any CPU
		{A9A2C498-FA61-4495-9953-16D56F8478F3}.Release|Any CPU.Build.0 = Release|Any CPU
		{A9A2C498-FA61-4495-9953-16D56F8478F3}.Release|Mixed Platforms.ActiveCfg = Release|Any CPU
		{A9A2C498-FA61-4495-9953-16D56F8478F3}.Release|Mixed Platforms.Build.0 = Release|Any CPU
		{A9A2C498-FA61-4495-9953-16D56F8478F3}.Release|x86.ActiveCfg = Release|Any CPU
		{A9A2C498-FA61-4495-9953-16D56F8478F3}.Signed Release Portable|Any CPU.ActiveCfg = Signed Release|Any CPU
		{A9A2C498-FA61-4495-9953-16D56F8478F3}.Signed Release Portable|Any CPU.Build.0 = Signed Release|Any CPU
		{A9A2C498-FA61-4495-9953-16D56F8478F3}.Signed Release Portable|Mixed Platforms.ActiveCfg = Signed Release|Any CPU
		{A9A2C498-FA61-4495-9953-16D56F8478F3}.Signed Release Portable|x86.ActiveCfg = Signed Release|Any CPU
		{A9A2C498-FA61-4495-9953-16D56F8478F3}.Signed Release|Any CPU.ActiveCfg = Signed Release|Any CPU
		{A9A2C498-FA61-4495-9953-16D56F8478F3}.Signed Release|Any CPU.Build.0 = Signed Release|Any CPU
		{A9A2C498-FA61-4495-9953-16D56F8478F3}.Signed Release|Mixed Platforms.ActiveCfg = Signed Release|Any CPU
		{A9A2C498-FA61-4495-9953-16D56F8478F3}.Signed Release|Mixed Platforms.Build.0 = Signed Release|Any CPU
		{A9A2C498-FA61-4495-9953-16D56F8478F3}.Signed Release|x86.ActiveCfg = Signed Release|Any CPU
		{BC9407FE-A661-4DFE-8B24-D2E2F450743F}.Debug Portable|Any CPU.ActiveCfg = Debug Portable|Any CPU
		{BC9407FE-A661-4DFE-8B24-D2E2F450743F}.Debug Portable|Any CPU.Build.0 = Debug Portable|Any CPU
		{BC9407FE-A661-4DFE-8B24-D2E2F450743F}.Debug Portable|Mixed Platforms.ActiveCfg = Debug Portable|Any CPU
		{BC9407FE-A661-4DFE-8B24-D2E2F450743F}.Debug Portable|Mixed Platforms.Build.0 = Debug Portable|Any CPU
		{BC9407FE-A661-4DFE-8B24-D2E2F450743F}.Debug Portable|x86.ActiveCfg = Debug Portable|Any CPU
		{BC9407FE-A661-4DFE-8B24-D2E2F450743F}.Debug|Any CPU.ActiveCfg = Debug|Any CPU
		{BC9407FE-A661-4DFE-8B24-D2E2F450743F}.Debug|Any CPU.Build.0 = Debug|Any CPU
		{BC9407FE-A661-4DFE-8B24-D2E2F450743F}.Debug|Mixed Platforms.ActiveCfg = Debug|Any CPU
		{BC9407FE-A661-4DFE-8B24-D2E2F450743F}.Debug|Mixed Platforms.Build.0 = Debug|Any CPU
		{BC9407FE-A661-4DFE-8B24-D2E2F450743F}.Debug|x86.ActiveCfg = Debug|Any CPU
		{BC9407FE-A661-4DFE-8B24-D2E2F450743F}.Release Portable|Any CPU.ActiveCfg = Release Portable|Any CPU
		{BC9407FE-A661-4DFE-8B24-D2E2F450743F}.Release Portable|Any CPU.Build.0 = Release Portable|Any CPU
		{BC9407FE-A661-4DFE-8B24-D2E2F450743F}.Release Portable|Mixed Platforms.ActiveCfg = Release Portable|Any CPU
		{BC9407FE-A661-4DFE-8B24-D2E2F450743F}.Release Portable|Mixed Platforms.Build.0 = Release Portable|Any CPU
		{BC9407FE-A661-4DFE-8B24-D2E2F450743F}.Release Portable|x86.ActiveCfg = Release Portable|Any CPU
		{BC9407FE-A661-4DFE-8B24-D2E2F450743F}.Release|Any CPU.ActiveCfg = Release|Any CPU
		{BC9407FE-A661-4DFE-8B24-D2E2F450743F}.Release|Any CPU.Build.0 = Release|Any CPU
		{BC9407FE-A661-4DFE-8B24-D2E2F450743F}.Release|Mixed Platforms.ActiveCfg = Release|Any CPU
		{BC9407FE-A661-4DFE-8B24-D2E2F450743F}.Release|Mixed Platforms.Build.0 = Release|Any CPU
		{BC9407FE-A661-4DFE-8B24-D2E2F450743F}.Release|x86.ActiveCfg = Release|Any CPU
		{BC9407FE-A661-4DFE-8B24-D2E2F450743F}.Signed Release Portable|Any CPU.ActiveCfg = Signed Release Portable|Any CPU
		{BC9407FE-A661-4DFE-8B24-D2E2F450743F}.Signed Release Portable|Any CPU.Build.0 = Signed Release Portable|Any CPU
		{BC9407FE-A661-4DFE-8B24-D2E2F450743F}.Signed Release Portable|Mixed Platforms.ActiveCfg = Signed Release Portable|Any CPU
		{BC9407FE-A661-4DFE-8B24-D2E2F450743F}.Signed Release Portable|Mixed Platforms.Build.0 = Signed Release Portable|Any CPU
		{BC9407FE-A661-4DFE-8B24-D2E2F450743F}.Signed Release Portable|x86.ActiveCfg = Signed Release Portable|Any CPU
		{BC9407FE-A661-4DFE-8B24-D2E2F450743F}.Signed Release|Any CPU.ActiveCfg = Signed Release|Any CPU
		{BC9407FE-A661-4DFE-8B24-D2E2F450743F}.Signed Release|Any CPU.Build.0 = Signed Release|Any CPU
		{BC9407FE-A661-4DFE-8B24-D2E2F450743F}.Signed Release|Mixed Platforms.ActiveCfg = Signed Release|Any CPU
		{BC9407FE-A661-4DFE-8B24-D2E2F450743F}.Signed Release|Mixed Platforms.Build.0 = Signed Release|Any CPU
		{BC9407FE-A661-4DFE-8B24-D2E2F450743F}.Signed Release|x86.ActiveCfg = Signed Release|Any CPU
	EndGlobalSection
	GlobalSection(SolutionProperties) = preSolution
		HideSolutionNode = FALSE
	EndGlobalSection
	GlobalSection(NestedProjects) = preSolution
		{337E7D32-BB93-44F0-A068-211DBF881482} = {C452FFED-0A73-4F6D-ACD0-BB5D8341472E}
		{BDE8EC72-803B-4D9F-A139-9F7694AF9EA3} = {C452FFED-0A73-4F6D-ACD0-BB5D8341472E}
		{AADC3115-B74E-43B5-A5E8-534E6622A4D1} = {337E7D32-BB93-44F0-A068-211DBF881482}
		{85EE1025-A6F3-4A88-B21A-7CE04E0A5CFE} = {337E7D32-BB93-44F0-A068-211DBF881482}
		{38F52529-6005-4034-A8B1-A4CC7552B2D3} = {337E7D32-BB93-44F0-A068-211DBF881482}
		{78B0DE7D-4C07-45EC-899D-EE52975CCF55} = {BDE8EC72-803B-4D9F-A139-9F7694AF9EA3}
		{0A2E3772-A27A-4EFD-9B90-D118B118324D} = {BDE8EC72-803B-4D9F-A139-9F7694AF9EA3}
	EndGlobalSection
	GlobalSection(MercurialSourceControlSolutionProperties) = preSolution
		SolutionIsControlled = True
		SolutionBindings = <Solution Location In Database>
	EndGlobalSection
EndGlobal
